<?xml version="1.0" encoding="utf-8"?>
<Project ToolsVersion="4.0" xmlns="http://schemas.microsoft.com/developer/msbuild/2003">
  <ItemGroup>
    <Filter Include="00.System">
      <UniqueIdentifier>{70a8b1ec-c21d-4416-8563-2d652fb90686}</UniqueIdentifier>
    </Filter>
    <Filter Include="01.Utility">
      <UniqueIdentifier>{fd117ba4-0617-4699-b331-01a37ce2e873}</UniqueIdentifier>
    </Filter>
    <Filter Include="99.Defines">
      <UniqueIdentifier>{d3ef33f7-db01-48e3-a599-f493042d225a}</UniqueIdentifier>
    </Filter>
    <Filter Include="01.Utility\99.Super">
      <UniqueIdentifier>{5cac1c1d-cc95-4b41-96ec-5db7e32beb7e}</UniqueIdentifier>
    </Filter>
    <Filter Include="01.Utility\00.GameInstance">
      <UniqueIdentifier>{597dfc29-7da5-4968-8e62-da893f2f4dbe}</UniqueIdentifier>
    </Filter>
    <Filter Include="01.Utility\02.Level">
      <UniqueIdentifier>{e3c777d2-1602-4777-87c0-d28dd1bc43e3}</UniqueIdentifier>
    </Filter>
    <Filter Include="00.System\00.Timer">
      <UniqueIdentifier>{55352ea2-ea68-45a9-af04-f41027b083d5}</UniqueIdentifier>
    </Filter>
    <Filter Include="00.System\01.Device">
      <UniqueIdentifier>{070531c3-04d3-4711-89a1-786663ef27e8}</UniqueIdentifier>
    </Filter>
    <Filter Include="00.System\01.Device\Graphic">
      <UniqueIdentifier>{4b2d70c3-2c69-4383-9b84-9424a0d6b75a}</UniqueIdentifier>
    </Filter>
    <Filter Include="00.System\01.Device\Input">
      <UniqueIdentifier>{fa98424f-e70b-498a-afd1-9b107cef6639}</UniqueIdentifier>
    </Filter>
    <Filter Include="00.System\01.Device\Sound">
      <UniqueIdentifier>{7f9432c4-0f51-4e4d-a093-ab2cde5b80d1}</UniqueIdentifier>
    </Filter>
    <Filter Include="00.System\00.Timer\Manager">
      <UniqueIdentifier>{ee5bea34-173b-4387-b02f-30cffa95ce83}</UniqueIdentifier>
    </Filter>
    <Filter Include="01.Utility\02.Level\Manager">
      <UniqueIdentifier>{3072b6d4-5620-4728-b4fd-8272d4ea6620}</UniqueIdentifier>
    </Filter>
    <Filter Include="01.Utility\03.GameObject">
      <UniqueIdentifier>{3032dffb-c339-4b11-ba1d-9f6f87738f08}</UniqueIdentifier>
    </Filter>
    <Filter Include="01.Utility\03.GameObject\Manager">
      <UniqueIdentifier>{e765058d-adf1-49b8-96a3-345f85a8a5ed}</UniqueIdentifier>
    </Filter>
    <Filter Include="01.Utility\03.GameObject\Manager\Layer">
      <UniqueIdentifier>{1d10ef2a-4d12-4881-88e0-0f2716dbd01f}</UniqueIdentifier>
    </Filter>
    <Filter Include="01.Utility\04.Component">
      <UniqueIdentifier>{f2112f66-e251-4796-8456-90c0b830253b}</UniqueIdentifier>
    </Filter>
    <Filter Include="01.Utility\04.Component\Renderer">
      <UniqueIdentifier>{5e55d2f3-ab88-4540-a87c-cd44da85ab27}</UniqueIdentifier>
    </Filter>
    <Filter Include="01.Utility\04.Component\Manager">
      <UniqueIdentifier>{50312e21-abfb-4c1e-9b8a-f390fa9b69eb}</UniqueIdentifier>
    </Filter>
    <Filter Include="01.Utility\04.Component\VIBuffer">
      <UniqueIdentifier>{554e9ef3-e7df-4939-8900-ca2248af7b0c}</UniqueIdentifier>
    </Filter>
    <Filter Include="01.Utility\04.Component\VIBuffer\Rect">
      <UniqueIdentifier>{36bb5765-760d-4e6e-ae44-335a3fe656c7}</UniqueIdentifier>
    </Filter>
    <Filter Include="01.Utility\04.Component\Shader">
      <UniqueIdentifier>{7ba161f7-e623-47ac-9448-90a818543958}</UniqueIdentifier>
    </Filter>
    <Filter Include="00.System\01.Device\Sound\Manager">
      <UniqueIdentifier>{f0c90446-0d13-4819-b5b5-37920d761c6c}</UniqueIdentifier>
    </Filter>
    <Filter Include="01.Utility\04.Component\Texture">
      <UniqueIdentifier>{4297234c-52cf-4e82-be63-a6b5c52ab5a9}</UniqueIdentifier>
    </Filter>
    <Filter Include="01.Utility\04.Component\Transform">
      <UniqueIdentifier>{7d052662-be8f-4f55-9010-0516ddb1dab8}</UniqueIdentifier>
    </Filter>
    <Filter Include="01.Utility\04.Component\VIBuffer\Terrain">
      <UniqueIdentifier>{9f52d652-110b-4f35-a375-725451dc6888}</UniqueIdentifier>
    </Filter>
    <Filter Include="01.Utility\03.GameObject\Camera">
      <UniqueIdentifier>{14da895c-2925-465f-935b-ac0c1329549e}</UniqueIdentifier>
    </Filter>
    <Filter Include="01.Utility\05.PipeLine">
      <UniqueIdentifier>{b4fd4721-4ea2-49cf-9825-e28afd864618}</UniqueIdentifier>
    </Filter>
    <Filter Include="01.Utility\06.Lights">
      <UniqueIdentifier>{42746011-469a-4fc4-8e42-2c749d5bc8f8}</UniqueIdentifier>
    </Filter>
    <Filter Include="01.Utility\06.Lights\Manager">
      <UniqueIdentifier>{b9b32a41-0ddf-41fb-976b-ff24db7b85d8}</UniqueIdentifier>
    </Filter>
    <Filter Include="01.Utility\04.Component\Model">
      <UniqueIdentifier>{ca073ef7-5ac3-4926-857d-27d7312536dc}</UniqueIdentifier>
    </Filter>
    <Filter Include="01.Utility\04.Component\Model\Mesh">
      <UniqueIdentifier>{8215fafd-3455-49dd-9ff6-e9f1b8209d22}</UniqueIdentifier>
    </Filter>
    <Filter Include="01.Utility\08.Calculator">
      <UniqueIdentifier>{48283e5e-5162-4688-9450-59718e1b0796}</UniqueIdentifier>
    </Filter>
    <Filter Include="01.Utility\04.Component\Model\Animation">
      <UniqueIdentifier>{2f8a7045-b096-43b5-bb79-6b6b18481d80}</UniqueIdentifier>
    </Filter>
    <Filter Include="01.Utility\04.Component\Model\Bone">
      <UniqueIdentifier>{2cfc5f95-56df-4af1-9836-ce61151e8761}</UniqueIdentifier>
    </Filter>
    <Filter Include="01.Utility\04.Component\Model\Animation\Channel">
      <UniqueIdentifier>{665d120a-01b8-4587-ad5c-78fd79eaf882}</UniqueIdentifier>
    </Filter>
    <Filter Include="01.Utility\98.FileUtil">
      <UniqueIdentifier>{31590320-8c10-4220-9739-7291d83658fa}</UniqueIdentifier>
    </Filter>
    <Filter Include="01.Utility\98.FileUtil\FbxExporter">
      <UniqueIdentifier>{5c04eadb-fd79-49ef-b5cf-3ec56aafd0a6}</UniqueIdentifier>
    </Filter>
    <Filter Include="01.Utility\04.Component\BinModel">
      <UniqueIdentifier>{c0f78696-e5b4-4498-b42a-0e6a6219a07e}</UniqueIdentifier>
    </Filter>
    <Filter Include="01.Utility\04.Component\BinModel\BinAnimation">
      <UniqueIdentifier>{1b99ae9e-8086-4937-942f-425ce28f91c7}</UniqueIdentifier>
    </Filter>
    <Filter Include="01.Utility\04.Component\BinModel\BinBone">
      <UniqueIdentifier>{d6789947-cf9e-4d46-9841-43387e60d15f}</UniqueIdentifier>
    </Filter>
    <Filter Include="01.Utility\04.Component\BinModel\BinMesh">
      <UniqueIdentifier>{9feb08db-12ec-436f-953a-6cfb4571c680}</UniqueIdentifier>
    </Filter>
    <Filter Include="01.Utility\04.Component\BinModel\BinAnimation\BinChannel">
      <UniqueIdentifier>{43b773a7-159c-4b64-8e2c-67e4bb5d1764}</UniqueIdentifier>
    </Filter>
    <Filter Include="01.Utility\04.Component\Navigation">
      <UniqueIdentifier>{b80aa6fb-1496-481c-a212-9c93ad12460d}</UniqueIdentifier>
    </Filter>
    <Filter Include="01.Utility\04.Component\Navigation\Cell">
      <UniqueIdentifier>{7c9a4a9e-24ad-4e9d-9660-1a0272ee5473}</UniqueIdentifier>
    </Filter>
    <Filter Include="01.Utility\04.Component\VIBuffer\Cell">
      <UniqueIdentifier>{a8a259c7-24a5-4a3a-8087-5d321bfc93cd}</UniqueIdentifier>
    </Filter>
    <Filter Include="01.Utility\04.Component\Navigation\Cell_Shader">
      <UniqueIdentifier>{b2032699-0d33-423a-a446-e162f2cd4a3f}</UniqueIdentifier>
    </Filter>
    <Filter Include="01.Utility\04.Component\StateMachine">
      <UniqueIdentifier>{8b84395c-cacd-4498-bd23-88552f41cb10}</UniqueIdentifier>
    </Filter>
    <Filter Include="01.Utility\04.Component\StateMachine\State">
      <UniqueIdentifier>{d9089a8c-8d95-4e30-a009-31cf98c8fd2b}</UniqueIdentifier>
    </Filter>
    <Filter Include="01.Utility\03.GameObject\LandObject">
      <UniqueIdentifier>{69743dfd-4275-4d7d-9f23-0e0f0a53136f}</UniqueIdentifier>
    </Filter>
    <Filter Include="01.Utility\04.Component\Colider">
      <UniqueIdentifier>{9358b4d8-567b-4d72-bc42-0c04af5f3f27}</UniqueIdentifier>
    </Filter>
    <Filter Include="01.Utility\04.Component\Colider\DebugDraw">
      <UniqueIdentifier>{3cd6d283-ee77-4ba9-8c4a-3d33a6e0b873}</UniqueIdentifier>
    </Filter>
    <Filter Include="01.Utility\04.Component\Colider\Bounding">
      <UniqueIdentifier>{9863797d-65b2-4bd6-84a8-6b948336c547}</UniqueIdentifier>
    </Filter>
    <Filter Include="01.Utility\04.Component\Colider\Bounding\AABB">
      <UniqueIdentifier>{9d19b3a0-1022-46e1-a630-dbf8f61b9176}</UniqueIdentifier>
    </Filter>
    <Filter Include="01.Utility\04.Component\Colider\Bounding\OBB">
      <UniqueIdentifier>{4af50650-19c0-43af-95dd-4ec12746ef64}</UniqueIdentifier>
    </Filter>
    <Filter Include="01.Utility\04.Component\Colider\Bounding\Sphere">
      <UniqueIdentifier>{3d986ac8-7078-44f2-adcc-5075dca2391f}</UniqueIdentifier>
    </Filter>
    <Filter Include="01.Utility\07.Shader_Files">
      <UniqueIdentifier>{4e919104-2bbd-4fb2-9fd8-900c3783aa0b}</UniqueIdentifier>
    </Filter>
    <Filter Include="01.Utility\03.GameObject\PartObject">
      <UniqueIdentifier>{2d0d5cc2-7f31-48e2-8bb8-b3fbb27969e3}</UniqueIdentifier>
    </Filter>
    <Filter Include="01.Utility\04.Component\Colider\Manager">
      <UniqueIdentifier>{b69bb1ea-98d8-42b3-9ca2-12c8c8cccbb2}</UniqueIdentifier>
    </Filter>
    <Filter Include="01.Utility\04.Component\Colider\Bounding\Frustum">
      <UniqueIdentifier>{b2841e60-1d86-4c04-88f6-f6a49c9cab5b}</UniqueIdentifier>
    </Filter>
    <Filter Include="01.Utility\09.Random">
      <UniqueIdentifier>{92c2b171-cfc4-4a25-acbf-37d4b583a5d3}</UniqueIdentifier>
    </Filter>
    <Filter Include="01.Utility\11.Handler">
      <UniqueIdentifier>{edb0f703-3fd5-4ce5-8e60-ee17125af604}</UniqueIdentifier>
    </Filter>
    <Filter Include="01.Utility\11.Handler\EventManager">
      <UniqueIdentifier>{a6badf53-8c42-4f9b-ada5-ce8d37981529}</UniqueIdentifier>
    </Filter>
    <Filter Include="01.Utility\10.RenderTarget">
      <UniqueIdentifier>{83efb22b-e6d0-4316-82ba-2ababe41d800}</UniqueIdentifier>
    </Filter>
    <Filter Include="01.Utility\10.RenderTarget\Manager">
      <UniqueIdentifier>{5a6b83ce-66b4-4031-9bb6-b35c2cc500bf}</UniqueIdentifier>
    </Filter>
  </ItemGroup>
  <ItemGroup>
    <ClInclude Include="..\Public\Base.h">
      <Filter>01.Utility\99.Super</Filter>
    </ClInclude>
    <ClInclude Include="..\Public\Engine_Defines.h">
      <Filter>99.Defines</Filter>
    </ClInclude>
    <ClInclude Include="..\Public\Engine_Function.h">
      <Filter>99.Defines</Filter>
    </ClInclude>
    <ClInclude Include="..\Public\Engine_Macro.h">
      <Filter>99.Defines</Filter>
    </ClInclude>
    <ClInclude Include="..\Public\Engine_Struct.h">
      <Filter>99.Defines</Filter>
    </ClInclude>
    <ClInclude Include="..\Public\Engine_Typedef.h">
      <Filter>99.Defines</Filter>
    </ClInclude>
    <ClInclude Include="..\Public\Timer.h">
      <Filter>00.System\00.Timer</Filter>
    </ClInclude>
    <ClInclude Include="..\Public\Timer_Manager.h">
      <Filter>00.System\00.Timer\Manager</Filter>
    </ClInclude>
    <ClInclude Include="..\Public\GameInstance.h">
      <Filter>01.Utility\00.GameInstance</Filter>
    </ClInclude>
    <ClInclude Include="..\Public\Graphic_Device.h">
      <Filter>00.System\01.Device\Graphic</Filter>
    </ClInclude>
    <ClInclude Include="..\Public\Level.h">
      <Filter>01.Utility\02.Level</Filter>
    </ClInclude>
    <ClInclude Include="..\Public\Level_Manager.h">
      <Filter>01.Utility\02.Level\Manager</Filter>
    </ClInclude>
    <ClInclude Include="..\Public\GameObject.h">
      <Filter>01.Utility\03.GameObject</Filter>
    </ClInclude>
    <ClInclude Include="..\Public\Object_Manager.h">
      <Filter>01.Utility\03.GameObject\Manager</Filter>
    </ClInclude>
    <ClInclude Include="..\Public\Layer.h">
      <Filter>01.Utility\03.GameObject\Manager\Layer</Filter>
    </ClInclude>
    <ClInclude Include="..\Public\Component.h">
      <Filter>01.Utility\04.Component</Filter>
    </ClInclude>
    <ClInclude Include="..\Public\Renderer.h">
      <Filter>01.Utility\04.Component\Renderer</Filter>
    </ClInclude>
    <ClInclude Include="..\Public\Component_Manager.h">
      <Filter>01.Utility\04.Component\Manager</Filter>
    </ClInclude>
    <ClInclude Include="..\Public\VIBuffer.h">
      <Filter>01.Utility\04.Component\VIBuffer</Filter>
    </ClInclude>
    <ClInclude Include="..\Public\VIBuffer_Rect.h">
      <Filter>01.Utility\04.Component\VIBuffer\Rect</Filter>
    </ClInclude>
    <ClInclude Include="..\Public\Shader.h">
      <Filter>01.Utility\04.Component\Shader</Filter>
    </ClInclude>
    <ClInclude Include="..\Public\Sound_Manager.h">
      <Filter>00.System\01.Device\Sound\Manager</Filter>
    </ClInclude>
    <ClInclude Include="..\Public\Texture.h">
      <Filter>01.Utility\04.Component\Texture</Filter>
    </ClInclude>
    <ClInclude Include="..\Public\Transform.h">
      <Filter>01.Utility\04.Component\Transform</Filter>
    </ClInclude>
    <ClInclude Include="..\Public\VIBuffer_Terrain.h">
      <Filter>01.Utility\04.Component\VIBuffer\Terrain</Filter>
    </ClInclude>
    <ClInclude Include="..\Public\Camera.h">
      <Filter>01.Utility\03.GameObject\Camera</Filter>
    </ClInclude>
    <ClInclude Include="..\Public\PipeLine.h">
      <Filter>01.Utility\05.PipeLine</Filter>
    </ClInclude>
    <ClInclude Include="..\Public\Input_Device.h">
      <Filter>00.System\01.Device\Input</Filter>
    </ClInclude>
    <ClInclude Include="..\Public\Light.h">
      <Filter>01.Utility\06.Lights</Filter>
    </ClInclude>
    <ClInclude Include="..\Public\Light_Manager.h">
      <Filter>01.Utility\06.Lights\Manager</Filter>
    </ClInclude>
    <ClInclude Include="..\Public\Model.h">
      <Filter>01.Utility\04.Component\Model</Filter>
    </ClInclude>
    <ClInclude Include="..\Public\Mesh.h">
      <Filter>01.Utility\04.Component\Model\Mesh</Filter>
    </ClInclude>
    <ClInclude Include="..\Public\Calculator.h">
      <Filter>01.Utility\08.Calculator</Filter>
    </ClInclude>
    <ClInclude Include="..\Public\Bone.h">
      <Filter>01.Utility\04.Component\Model\Bone</Filter>
    </ClInclude>
    <ClInclude Include="..\Public\Animation.h">
      <Filter>01.Utility\04.Component\Model\Animation</Filter>
    </ClInclude>
    <ClInclude Include="..\Public\Channel.h">
      <Filter>01.Utility\04.Component\Model\Animation\Channel</Filter>
    </ClInclude>
    <ClInclude Include="..\Public\FbxExporter.h">
      <Filter>01.Utility\98.FileUtil\FbxExporter</Filter>
    </ClInclude>
    <ClInclude Include="..\Public\FbxStruct.h">
      <Filter>01.Utility\98.FileUtil\FbxExporter</Filter>
    </ClInclude>
    <ClInclude Include="..\Public\AsFileUtils.h">
      <Filter>01.Utility\98.FileUtil</Filter>
    </ClInclude>
    <ClInclude Include="..\Public\AsTypes.h">
      <Filter>01.Utility\98.FileUtil</Filter>
    </ClInclude>
    <ClInclude Include="..\Public\BinModel.h">
      <Filter>01.Utility\04.Component\BinModel</Filter>
    </ClInclude>
    <ClInclude Include="..\Public\BinBone.h">
      <Filter>01.Utility\04.Component\BinModel\BinBone</Filter>
    </ClInclude>
    <ClInclude Include="..\Public\BinMesh.h">
      <Filter>01.Utility\04.Component\BinModel\BinMesh</Filter>
    </ClInclude>
    <ClInclude Include="..\Public\BinAnimation.h">
      <Filter>01.Utility\04.Component\BinModel\BinAnimation</Filter>
    </ClInclude>
    <ClInclude Include="..\Public\BinChannel.h">
      <Filter>01.Utility\04.Component\BinModel\BinAnimation\BinChannel</Filter>
    </ClInclude>
    <ClInclude Include="..\Public\Navigation.h">
      <Filter>01.Utility\04.Component\Navigation</Filter>
    </ClInclude>
    <ClInclude Include="..\Public\Cell.h">
      <Filter>01.Utility\04.Component\Navigation\Cell</Filter>
    </ClInclude>
    <ClInclude Include="..\Public\VIBuffer_Cell.h">
      <Filter>01.Utility\04.Component\VIBuffer\Cell</Filter>
    </ClInclude>
    <ClInclude Include="..\Public\StateMachine.h">
      <Filter>01.Utility\04.Component\StateMachine</Filter>
    </ClInclude>
    <ClInclude Include="..\Public\State.h">
      <Filter>01.Utility\04.Component\StateMachine\State</Filter>
    </ClInclude>
    <ClInclude Include="..\Public\LandObject.h">
      <Filter>01.Utility\03.GameObject\LandObject</Filter>
    </ClInclude>
    <ClInclude Include="..\Public\Collider.h">
      <Filter>01.Utility\04.Component\Colider</Filter>
    </ClInclude>
    <ClInclude Include="..\Public\DebugDraw.h">
      <Filter>01.Utility\04.Component\Colider\DebugDraw</Filter>
    </ClInclude>
    <ClInclude Include="..\Public\Bounding.h">
      <Filter>01.Utility\04.Component\Colider\Bounding</Filter>
    </ClInclude>
    <ClInclude Include="..\Public\Bounding_AABB.h">
      <Filter>01.Utility\04.Component\Colider\Bounding\AABB</Filter>
    </ClInclude>
    <ClInclude Include="..\Public\Bounding_OBB.h">
      <Filter>01.Utility\04.Component\Colider\Bounding\OBB</Filter>
    </ClInclude>
    <ClInclude Include="..\Public\Bounding_Sphere.h">
      <Filter>01.Utility\04.Component\Colider\Bounding\Sphere</Filter>
    </ClInclude>
    <ClInclude Include="..\Public\PartObject.h">
      <Filter>01.Utility\03.GameObject\PartObject</Filter>
    </ClInclude>
    <ClInclude Include="..\Public\CollideManager.h">
      <Filter>01.Utility\04.Component\Colider\Manager</Filter>
    </ClInclude>
    <ClInclude Include="..\Public\Bounding_Frustrum.h">
      <Filter>01.Utility\04.Component\Colider\Bounding\Frustum</Filter>
    </ClInclude>
    <ClInclude Include="..\Public\RandomManager.h">
      <Filter>01.Utility\09.Random</Filter>
    </ClInclude>
    <ClInclude Include="..\Public\RenderTarget.h">
      <Filter>01.Utility\10.RenderTarget</Filter>
    </ClInclude>
    <ClInclude Include="..\Public\TargetManager.h">
      <Filter>01.Utility\10.RenderTarget\Manager</Filter>
    </ClInclude>
  </ItemGroup>
  <ItemGroup>
    <ClCompile Include="..\Private\Base.cpp">
      <Filter>01.Utility\99.Super</Filter>
    </ClCompile>
    <ClCompile Include="..\Private\Timer_Manager.cpp">
      <Filter>00.System\00.Timer\Manager</Filter>
    </ClCompile>
    <ClCompile Include="..\Private\Timer.cpp">
      <Filter>00.System\00.Timer</Filter>
    </ClCompile>
    <ClCompile Include="..\Private\GameInstance.cpp">
      <Filter>01.Utility\00.GameInstance</Filter>
    </ClCompile>
    <ClCompile Include="..\Private\Graphic_Device.cpp">
      <Filter>00.System\01.Device\Graphic</Filter>
    </ClCompile>
    <ClCompile Include="..\Private\Level.cpp">
      <Filter>01.Utility\02.Level</Filter>
    </ClCompile>
    <ClCompile Include="..\Private\Level_Manager.cpp">
      <Filter>01.Utility\02.Level\Manager</Filter>
    </ClCompile>
    <ClCompile Include="..\Private\GameObject.cpp">
      <Filter>01.Utility\03.GameObject</Filter>
    </ClCompile>
    <ClCompile Include="..\Private\Object_Manager.cpp">
      <Filter>01.Utility\03.GameObject\Manager</Filter>
    </ClCompile>
    <ClCompile Include="..\Private\Layer.cpp">
      <Filter>01.Utility\03.GameObject\Manager\Layer</Filter>
    </ClCompile>
    <ClCompile Include="..\Private\Component.cpp">
      <Filter>01.Utility\04.Component</Filter>
    </ClCompile>
    <ClCompile Include="..\Private\Renderer.cpp">
      <Filter>01.Utility\04.Component\Renderer</Filter>
    </ClCompile>
    <ClCompile Include="..\Private\Component_Manager.cpp">
      <Filter>01.Utility\04.Component\Manager</Filter>
    </ClCompile>
    <ClCompile Include="..\Private\VIBuffer.cpp">
      <Filter>01.Utility\04.Component\VIBuffer</Filter>
    </ClCompile>
    <ClCompile Include="..\Private\VIBuffer_Rect.cpp">
      <Filter>01.Utility\04.Component\VIBuffer\Rect</Filter>
    </ClCompile>
    <ClCompile Include="..\Private\Shader.cpp">
      <Filter>01.Utility\04.Component\Shader</Filter>
    </ClCompile>
    <ClCompile Include="..\Private\Sound_Manager.cpp">
      <Filter>00.System\01.Device\Sound\Manager</Filter>
    </ClCompile>
    <ClCompile Include="..\Public\Engine_Struct.cpp">
      <Filter>99.Defines</Filter>
    </ClCompile>
    <ClCompile Include="..\Private\Texture.cpp">
      <Filter>01.Utility\04.Component\Texture</Filter>
    </ClCompile>
    <ClCompile Include="..\Private\Transform.cpp">
      <Filter>01.Utility\04.Component\Transform</Filter>
    </ClCompile>
    <ClCompile Include="..\Private\VIBuffer_Terrain.cpp">
      <Filter>01.Utility\04.Component\VIBuffer\Terrain</Filter>
    </ClCompile>
    <ClCompile Include="..\Private\Camera.cpp">
      <Filter>01.Utility\03.GameObject\Camera</Filter>
    </ClCompile>
    <ClCompile Include="..\Private\PipeLine.cpp">
      <Filter>01.Utility\05.PipeLine</Filter>
    </ClCompile>
    <ClCompile Include="..\Private\Input_Device.cpp">
      <Filter>00.System\01.Device\Input</Filter>
    </ClCompile>
    <ClCompile Include="..\Private\Light.cpp">
      <Filter>01.Utility\06.Lights</Filter>
    </ClCompile>
    <ClCompile Include="..\Private\Light_Manager.cpp">
      <Filter>01.Utility\06.Lights\Manager</Filter>
    </ClCompile>
    <ClCompile Include="..\Private\Mesh.cpp">
      <Filter>01.Utility\04.Component\Model\Mesh</Filter>
    </ClCompile>
    <ClCompile Include="..\Private\Calculator.cpp">
      <Filter>01.Utility\08.Calculator</Filter>
    </ClCompile>
    <ClCompile Include="..\Private\Bone.cpp">
      <Filter>01.Utility\04.Component\Model\Bone</Filter>
    </ClCompile>
    <ClCompile Include="..\Private\Animation.cpp">
      <Filter>01.Utility\04.Component\Model\Animation</Filter>
    </ClCompile>
    <ClCompile Include="..\Private\Channel.cpp">
      <Filter>01.Utility\04.Component\Model\Animation\Channel</Filter>
    </ClCompile>
    <ClCompile Include="..\Private\Model.cpp">
      <Filter>01.Utility\04.Component\Model</Filter>
    </ClCompile>
    <ClCompile Include="..\Private\FbxExporter.cpp">
      <Filter>01.Utility\98.FileUtil\FbxExporter</Filter>
    </ClCompile>
    <ClCompile Include="..\Private\AsFileUtils.cpp">
      <Filter>01.Utility\98.FileUtil</Filter>
    </ClCompile>
    <ClCompile Include="..\Private\BinModel.cpp">
      <Filter>01.Utility\04.Component\BinModel</Filter>
    </ClCompile>
    <ClCompile Include="..\Private\BinBone.cpp">
      <Filter>01.Utility\04.Component\BinModel\BinBone</Filter>
    </ClCompile>
    <ClCompile Include="..\Private\BinMesh.cpp">
      <Filter>01.Utility\04.Component\BinModel\BinMesh</Filter>
    </ClCompile>
    <ClCompile Include="..\Private\BinAnimation.cpp">
      <Filter>01.Utility\04.Component\BinModel\BinAnimation</Filter>
    </ClCompile>
    <ClCompile Include="..\Private\BinChannel.cpp">
      <Filter>01.Utility\04.Component\BinModel\BinAnimation\BinChannel</Filter>
    </ClCompile>
    <ClCompile Include="..\Private\Navigation.cpp">
      <Filter>01.Utility\04.Component\Navigation</Filter>
    </ClCompile>
    <ClCompile Include="..\Private\Cell.cpp">
      <Filter>01.Utility\04.Component\Navigation\Cell</Filter>
    </ClCompile>
    <ClCompile Include="..\Private\VIBuffer_Cell.cpp">
      <Filter>01.Utility\04.Component\VIBuffer\Cell</Filter>
    </ClCompile>
    <ClCompile Include="..\Private\StateMachine.cpp">
      <Filter>01.Utility\04.Component\StateMachine</Filter>
    </ClCompile>
    <ClCompile Include="..\Private\State.cpp">
      <Filter>01.Utility\04.Component\StateMachine\State</Filter>
    </ClCompile>
    <ClCompile Include="..\Private\LandObject.cpp">
      <Filter>01.Utility\03.GameObject\LandObject</Filter>
    </ClCompile>
    <ClCompile Include="..\Private\Collider.cpp">
      <Filter>01.Utility\04.Component\Colider</Filter>
    </ClCompile>
    <ClCompile Include="..\Private\DebugDraw.cpp">
      <Filter>01.Utility\04.Component\Colider\DebugDraw</Filter>
    </ClCompile>
    <ClCompile Include="..\Private\Bounding.cpp">
      <Filter>01.Utility\04.Component\Colider\Bounding</Filter>
    </ClCompile>
    <ClCompile Include="..\Private\Bounding_AABB.cpp">
      <Filter>01.Utility\04.Component\Colider\Bounding\AABB</Filter>
    </ClCompile>
    <ClCompile Include="..\Private\Bounding_OBB.cpp">
      <Filter>01.Utility\04.Component\Colider\Bounding\OBB</Filter>
    </ClCompile>
    <ClCompile Include="..\Private\Bounding_Sphere.cpp">
      <Filter>01.Utility\04.Component\Colider\Bounding\Sphere</Filter>
    </ClCompile>
    <ClCompile Include="..\Private\PartObject.cpp">
      <Filter>01.Utility\03.GameObject\PartObject</Filter>
    </ClCompile>
    <ClCompile Include="..\Private\CollideManager.cpp">
      <Filter>01.Utility\04.Component\Colider\Manager</Filter>
    </ClCompile>
    <ClCompile Include="..\Private\Bounding_Frustrum.cpp">
      <Filter>01.Utility\04.Component\Colider\Bounding\Frustum</Filter>
    </ClCompile>
    <ClCompile Include="..\Private\RandomManager.cpp">
      <Filter>01.Utility\09.Random</Filter>
    </ClCompile>
    <ClCompile Include="..\Private\RenderTarget.cpp">
      <Filter>01.Utility\10.RenderTarget</Filter>
    </ClCompile>
    <ClCompile Include="..\Private\TargetManager.cpp">
      <Filter>01.Utility\10.RenderTarget\Manager</Filter>
    </ClCompile>
  </ItemGroup>
  <ItemGroup>
    <FxCompile Include="..\Bin\ShaderFiles\Shader_Cell.hlsl">
      <Filter>01.Utility\04.Component\Navigation\Cell_Shader</Filter>
    </FxCompile>
    <FxCompile Include="..\Bin\ShaderFiles\Engine_Shader_Defines.hlsl">
      <Filter>01.Utility\07.Shader_Files</Filter>
    </FxCompile>
    <FxCompile Include="..\Bin\ShaderFiles\Shader_Deferred.hlsl">
      <Filter>01.Utility\07.Shader_Files</Filter>
    </FxCompile>
  </ItemGroup>
</Project>