<?xml version="1.0" encoding="utf-8"?>
<Project ToolsVersion="4.0" xmlns="http://schemas.microsoft.com/developer/msbuild/2003">
  <ItemGroup>
    <Filter Include="98.Default">
      <UniqueIdentifier>{0e8d44c7-3c15-48c7-9092-778f5bb384fe}</UniqueIdentifier>
    </Filter>
    <Filter Include="99.Client_Defines">
      <UniqueIdentifier>{e5ebdcd5-f98d-41f2-abee-c350c56b9693}</UniqueIdentifier>
    </Filter>
    <Filter Include="00.MainApp">
      <UniqueIdentifier>{e6e38523-8dc6-440f-8d88-b6d6b6acc231}</UniqueIdentifier>
    </Filter>
    <Filter Include="01.Levels">
      <UniqueIdentifier>{25f95dbd-379c-4428-8bc6-32f36a1ebdeb}</UniqueIdentifier>
    </Filter>
    <Filter Include="01.Levels\99.Loading">
      <UniqueIdentifier>{d54d831a-0314-4408-a56e-bd13f115cd89}</UniqueIdentifier>
    </Filter>
    <Filter Include="01.Levels\99.Loading\Loader">
      <UniqueIdentifier>{d316a60f-2fb2-4d3f-8025-6ff7bc241478}</UniqueIdentifier>
    </Filter>
    <Filter Include="01.Levels\00.Logo">
      <UniqueIdentifier>{600b591e-76de-4f63-8496-ea9ef49761f5}</UniqueIdentifier>
    </Filter>
    <Filter Include="01.Levels\01.GamePlay">
      <UniqueIdentifier>{183cf549-ff70-4770-92a2-54dea7cb6d8b}</UniqueIdentifier>
    </Filter>
    <Filter Include="02.GameObject">
      <UniqueIdentifier>{3c233ff1-6ef4-4344-9242-d239a8db906a}</UniqueIdentifier>
    </Filter>
    <Filter Include="02.GameObject\BackGround">
      <UniqueIdentifier>{fbf09332-93f6-4fbe-bdde-4a26ff1e686d}</UniqueIdentifier>
    </Filter>
    <Filter Include="999. Imgui">
      <UniqueIdentifier>{561a2fe9-ce5a-49e3-be60-e3de37ef7d11}</UniqueIdentifier>
    </Filter>
    <Filter Include="999. Imgui\Manager">
      <UniqueIdentifier>{990b8a5d-5250-49a5-b82a-d28822ec8987}</UniqueIdentifier>
    </Filter>
    <Filter Include="97.Shader">
      <UniqueIdentifier>{2f165e26-97ef-40e4-8943-5b7ef2c6ae65}</UniqueIdentifier>
    </Filter>
    <Filter Include="02.GameObject\Terrain">
      <UniqueIdentifier>{ce1e08a8-7496-4238-8cdc-d373c28cc08d}</UniqueIdentifier>
    </Filter>
    <Filter Include="02.GameObject\Camera">
      <UniqueIdentifier>{917820ce-772b-4de1-8b05-52cbb61fa8d4}</UniqueIdentifier>
    </Filter>
    <Filter Include="999. Imgui\gui">
      <UniqueIdentifier>{573c3773-f4f8-412b-bf2c-ff9ce8110f28}</UniqueIdentifier>
    </Filter>
    <Filter Include="01.Levels\09.Edit">
      <UniqueIdentifier>{fdb0e1ca-4dec-4b43-9312-6b27eae561c3}</UniqueIdentifier>
    </Filter>
    <Filter Include="02.GameObject\Terrain\Edit">
      <UniqueIdentifier>{7ec138c4-6252-4923-a8a3-2206dc583bce}</UniqueIdentifier>
    </Filter>
    <Filter Include="01.Levels\01.GamePlay\Level_1">
      <UniqueIdentifier>{18fc7a18-52a4-493b-8cf1-d5bc700eeedf}</UniqueIdentifier>
    </Filter>
    <Filter Include="01.Levels\01.GamePlay\Level_2">
      <UniqueIdentifier>{dce08dd1-5b1f-4797-a2b9-a9452f674271}</UniqueIdentifier>
    </Filter>
    <Filter Include="01.Levels\01.GamePlay\Level_3">
      <UniqueIdentifier>{fd8187fe-2235-458f-a3db-43edfc580b29}</UniqueIdentifier>
    </Filter>
    <Filter Include="01.Levels\01.GamePlay\Level_4">
      <UniqueIdentifier>{83f8375a-80f6-4d07-9b7c-0c1d751e4bd2}</UniqueIdentifier>
    </Filter>
    <Filter Include="02.GameObject\Object">
      <UniqueIdentifier>{d289fa2d-8aeb-4819-a4ef-c23a49f4603f}</UniqueIdentifier>
    </Filter>
    <Filter Include="02.GameObject\Object\Player">
      <UniqueIdentifier>{a57f584a-6f8b-47e4-b971-5a4126bcb11a}</UniqueIdentifier>
    </Filter>
    <Filter Include="02.GameObject\Object\Monster">
      <UniqueIdentifier>{808aa973-9d4e-42ea-b5a7-0a17ff2ce930}</UniqueIdentifier>
    </Filter>
    <Filter Include="02.GameObject\Object\Player\Body_Player">
      <UniqueIdentifier>{57a98c84-04b1-4cce-a9fa-5b13005b1661}</UniqueIdentifier>
    </Filter>
    <Filter Include="02.GameObject\Object\Player\Weapon_Player">
      <UniqueIdentifier>{2b5430ab-562c-44f6-9dba-f5a5b5e25d0e}</UniqueIdentifier>
    </Filter>
    <Filter Include="02.GameObject\Object\Boss">
      <UniqueIdentifier>{84aa8443-e56e-4668-836c-019926f3a692}</UniqueIdentifier>
    </Filter>
    <Filter Include="02.GameObject\Object\Boss\Boss_Urd">
      <UniqueIdentifier>{8fa1fceb-e017-44df-b052-3970ae2f0578}</UniqueIdentifier>
    </Filter>
    <Filter Include="02.GameObject\Object\Boss\Boss_Urd\Body_Boss_Urd">
      <UniqueIdentifier>{271dd645-de0b-4007-8299-d354e4d37591}</UniqueIdentifier>
    </Filter>
    <Filter Include="02.GameObject\Object\Boss\Boss_Urd\Weapon_Boss_Urd">
      <UniqueIdentifier>{e6670a69-81fc-4a01-8901-e539d9793c34}</UniqueIdentifier>
    </Filter>
    <Filter Include="02.GameObject\Object\Porps">
      <UniqueIdentifier>{5bbb44bc-fd26-40a6-84e9-0f3b1f392a71}</UniqueIdentifier>
    </Filter>
    <Filter Include="02.GameObject\Object\Porps\ChurchGrillesFloor">
      <UniqueIdentifier>{ecbc253c-ea08-4874-99a2-11d4172e0106}</UniqueIdentifier>
    </Filter>
    <Filter Include="02.GameObject\Object\Porps\Church">
      <UniqueIdentifier>{09edb94f-992b-41ea-a07f-205a86a2792f}</UniqueIdentifier>
    </Filter>
    <Filter Include="02.GameObject\Object\Player\State">
      <UniqueIdentifier>{7ae48c94-2722-46bc-83a5-4555c8215b9c}</UniqueIdentifier>
    </Filter>
    <Filter Include="02.GameObject\Object\Player\Camera_Player">
      <UniqueIdentifier>{98d54c00-4e02-410f-a281-38f55030571a}</UniqueIdentifier>
    </Filter>
  </ItemGroup>
  <ItemGroup>
    <ClCompile Include="Client.cpp">
      <Filter>98.Default</Filter>
    </ClCompile>
    <ClCompile Include="..\Private\MainApp.cpp">
      <Filter>00.MainApp</Filter>
    </ClCompile>
    <ClCompile Include="pch.cpp">
      <Filter>98.Default</Filter>
    </ClCompile>
    <ClCompile Include="..\Private\Level_Logo.cpp">
      <Filter>01.Levels\00.Logo</Filter>
    </ClCompile>
    <ClCompile Include="..\Private\Level_GamePlay.cpp">
      <Filter>01.Levels\01.GamePlay</Filter>
    </ClCompile>
    <ClCompile Include="..\Private\Level_Loading.cpp">
      <Filter>01.Levels\99.Loading</Filter>
    </ClCompile>
    <ClCompile Include="..\Private\Loader.cpp">
      <Filter>01.Levels\99.Loading\Loader</Filter>
    </ClCompile>
    <ClCompile Include="..\Private\BackGround.cpp">
      <Filter>02.GameObject\BackGround</Filter>
    </ClCompile>
    <ClCompile Include="..\Private\Imgui_Manager.cpp">
      <Filter>999. Imgui\Manager</Filter>
    </ClCompile>
    <ClCompile Include="..\Private\Terrain.cpp">
      <Filter>02.GameObject\Terrain</Filter>
    </ClCompile>
    <ClCompile Include="..\Private\ToolCamera.cpp">
      <Filter>02.GameObject\Camera</Filter>
    </ClCompile>
    <ClCompile Include="..\..\Imgui\imgui.cpp">
      <Filter>999. Imgui\gui</Filter>
    </ClCompile>
    <ClCompile Include="..\..\Imgui\imgui_demo.cpp">
      <Filter>999. Imgui\gui</Filter>
    </ClCompile>
    <ClCompile Include="..\..\Imgui\imgui_draw.cpp">
      <Filter>999. Imgui\gui</Filter>
    </ClCompile>
    <ClCompile Include="..\..\Imgui\imgui_impl_dx11.cpp">
      <Filter>999. Imgui\gui</Filter>
    </ClCompile>
    <ClCompile Include="..\..\Imgui\imgui_impl_win32.cpp">
      <Filter>999. Imgui\gui</Filter>
    </ClCompile>
    <ClCompile Include="..\..\Imgui\imgui_tables.cpp">
      <Filter>999. Imgui\gui</Filter>
    </ClCompile>
    <ClCompile Include="..\..\Imgui\imgui_widgets.cpp">
      <Filter>999. Imgui\gui</Filter>
    </ClCompile>
    <ClCompile Include="..\Private\ChurchGrillesFloor.cpp">
      <Filter>02.GameObject\Object\Porps\ChurchGrillesFloor</Filter>
    </ClCompile>
    <ClCompile Include="..\..\Imgui\imgui_spectrum.cpp">
      <Filter>999. Imgui\gui</Filter>
    </ClCompile>
    <ClCompile Include="..\Private\Edit_Terrain.cpp">
      <Filter>02.GameObject\Terrain\Edit</Filter>
    </ClCompile>
    <ClCompile Include="..\Private\Level_Edit.cpp">
      <Filter>01.Levels\09.Edit</Filter>
    </ClCompile>
    <ClCompile Include="..\Private\Player.cpp">
      <Filter>02.GameObject\Object\Player</Filter>
    </ClCompile>
    <ClCompile Include="..\Private\Level_1.cpp">
      <Filter>01.Levels\01.GamePlay\Level_1</Filter>
    </ClCompile>
    <ClCompile Include="..\Private\PartObject.cpp">
      <Filter>02.GameObject\Object</Filter>
    </ClCompile>
    <ClCompile Include="..\Private\Body_Player.cpp">
      <Filter>02.GameObject\Object\Player\Body_Player</Filter>
    </ClCompile>
    <ClCompile Include="..\Private\Weapon_Player_Saber.cpp">
      <Filter>02.GameObject\Object\Player\Weapon_Player</Filter>
    </ClCompile>
    <ClCompile Include="..\Private\Weapon_Player_Dagger.cpp">
      <Filter>02.GameObject\Object\Player\Weapon_Player</Filter>
    </ClCompile>
    <ClCompile Include="..\Private\Boss_Urd.cpp">
      <Filter>02.GameObject\Object\Boss\Boss_Urd</Filter>
    </ClCompile>
    <ClCompile Include="..\Private\Body_Boss_Urd.cpp">
      <Filter>02.GameObject\Object\Boss\Boss_Urd\Body_Boss_Urd</Filter>
    </ClCompile>
    <ClCompile Include="..\Private\Weapon_Boss_Urd.cpp">
      <Filter>02.GameObject\Object\Boss\Boss_Urd\Weapon_Boss_Urd</Filter>
    </ClCompile>
    <ClCompile Include="..\Private\Church.cpp">
      <Filter>02.GameObject\Object\Porps\Church</Filter>
    </ClCompile>
    <ClCompile Include="..\Private\State_Walk.cpp">
      <Filter>02.GameObject\Object\Player\State</Filter>
    </ClCompile>
    <ClCompile Include="..\Private\State_Idle.cpp">
      <Filter>02.GameObject\Object\Player\State</Filter>
    </ClCompile>
    <ClCompile Include="..\Private\PlayerCamera.cpp">
      <Filter>02.GameObject\Camera</Filter>
    </ClCompile>
    <ClCompile Include="..\Private\State_Avoid.cpp">
      <Filter>02.GameObject\Object\Player\State</Filter>
    </ClCompile>
    <ClCompile Include="..\Private\State_Attack.cpp">
      <Filter>02.GameObject\Object\Player\State</Filter>
    </ClCompile>
  </ItemGroup>
  <ItemGroup>
    <ClInclude Include="Client.h">
      <Filter>98.Default</Filter>
    </ClInclude>
    <ClInclude Include="framework.h">
      <Filter>98.Default</Filter>
    </ClInclude>
    <ClInclude Include="Resource.h">
      <Filter>98.Default</Filter>
    </ClInclude>
    <ClInclude Include="targetver.h">
      <Filter>98.Default</Filter>
    </ClInclude>
    <ClInclude Include="..\Public\MainApp.h">
      <Filter>00.MainApp</Filter>
    </ClInclude>
    <ClInclude Include="..\Public\Client_Defines.h">
      <Filter>99.Client_Defines</Filter>
    </ClInclude>
    <ClInclude Include="pch.h">
      <Filter>98.Default</Filter>
    </ClInclude>
    <ClInclude Include="..\Public\Level_Logo.h">
      <Filter>01.Levels\00.Logo</Filter>
    </ClInclude>
    <ClInclude Include="..\Public\Level_GamePlay.h">
      <Filter>01.Levels\01.GamePlay</Filter>
    </ClInclude>
    <ClInclude Include="..\Public\Level_Loading.h">
      <Filter>01.Levels\99.Loading</Filter>
    </ClInclude>
    <ClInclude Include="..\Public\Loader.h">
      <Filter>01.Levels\99.Loading\Loader</Filter>
    </ClInclude>
    <ClInclude Include="..\Public\BackGround.h">
      <Filter>02.GameObject\BackGround</Filter>
    </ClInclude>
    <ClInclude Include="..\Public\Imgui_Manager.h">
      <Filter>999. Imgui\Manager</Filter>
    </ClInclude>
    <ClInclude Include="..\Public\Terrain.h">
      <Filter>02.GameObject\Terrain</Filter>
    </ClInclude>
    <ClInclude Include="..\Public\ToolCamera.h">
      <Filter>02.GameObject\Camera</Filter>
    </ClInclude>
    <ClInclude Include="..\..\Imgui\imconfig.h">
      <Filter>999. Imgui\gui</Filter>
    </ClInclude>
    <ClInclude Include="..\..\Imgui\imgui.h">
      <Filter>999. Imgui\gui</Filter>
    </ClInclude>
    <ClInclude Include="..\..\Imgui\imgui_impl_dx11.h">
      <Filter>999. Imgui\gui</Filter>
    </ClInclude>
    <ClInclude Include="..\..\Imgui\imgui_impl_win32.h">
      <Filter>999. Imgui\gui</Filter>
    </ClInclude>
    <ClInclude Include="..\..\Imgui\imgui_internal.h">
      <Filter>999. Imgui\gui</Filter>
    </ClInclude>
    <ClInclude Include="..\..\Imgui\imstb_rectpack.h">
      <Filter>999. Imgui\gui</Filter>
    </ClInclude>
    <ClInclude Include="..\..\Imgui\imstb_textedit.h">
      <Filter>999. Imgui\gui</Filter>
    </ClInclude>
    <ClInclude Include="..\..\Imgui\imstb_truetype.h">
      <Filter>999. Imgui\gui</Filter>
    </ClInclude>
    <ClInclude Include="..\Public\Level_Edit.h">
      <Filter>01.Levels\09.Edit</Filter>
    </ClInclude>
    <ClInclude Include="..\Public\ChurchGrillesFloor.h">
      <Filter>02.GameObject\Object\Porps\ChurchGrillesFloor</Filter>
    </ClInclude>
    <ClInclude Include="..\..\Imgui\imgui_spectrum.h">
      <Filter>999. Imgui\gui</Filter>
    </ClInclude>
    <ClInclude Include="..\Public\Edit_Terrain.h">
      <Filter>02.GameObject\Terrain\Edit</Filter>
    </ClInclude>
    <ClInclude Include="..\Public\Player.h">
      <Filter>02.GameObject\Object\Player</Filter>
    </ClInclude>
    <ClInclude Include="..\Public\Level_1.h">
      <Filter>01.Levels\01.GamePlay\Level_1</Filter>
    </ClInclude>
    <ClInclude Include="..\Public\PartObject.h">
      <Filter>02.GameObject\Object</Filter>
    </ClInclude>
    <ClInclude Include="..\Public\Weapon_Player_Saber.h">
      <Filter>02.GameObject\Object\Player\Weapon_Player</Filter>
    </ClInclude>
    <ClInclude Include="..\Public\Body_Player.h">
      <Filter>02.GameObject\Object\Player\Body_Player</Filter>
    </ClInclude>
    <ClInclude Include="..\Public\Weapon_Player_Dagger.h">
      <Filter>02.GameObject\Object\Player\Weapon_Player</Filter>
    </ClInclude>
    <ClInclude Include="..\Public\Boss_Urd.h">
      <Filter>02.GameObject\Object\Boss\Boss_Urd</Filter>
    </ClInclude>
    <ClInclude Include="..\Public\Body_Boss_Urd.h">
      <Filter>02.GameObject\Object\Boss\Boss_Urd\Body_Boss_Urd</Filter>
    </ClInclude>
    <ClInclude Include="..\Public\Weapon_Boss_Urd.h">
      <Filter>02.GameObject\Object\Boss\Boss_Urd\Weapon_Boss_Urd</Filter>
    </ClInclude>
    <ClInclude Include="..\Public\Church.h">
      <Filter>02.GameObject\Object\Porps\Church</Filter>
    </ClInclude>
    <ClInclude Include="..\Public\State_Walk.h">
      <Filter>02.GameObject\Object\Player\State</Filter>
    </ClInclude>
    <ClInclude Include="..\Public\State_Idle.h">
      <Filter>02.GameObject\Object\Player\State</Filter>
    </ClInclude>
    <ClInclude Include="..\Public\PlayerCamera.h">
      <Filter>02.GameObject\Camera</Filter>
    </ClInclude>
    <ClInclude Include="..\Public\State_Avoid.h">
      <Filter>02.GameObject\Object\Player\State</Filter>
    </ClInclude>
    <ClInclude Include="..\Public\State_Attack.h">
      <Filter>02.GameObject\Object\Player\State</Filter>
    </ClInclude>
  </ItemGroup>
  <ItemGroup>
    <Image Include="Client.ico">
      <Filter>98.Default</Filter>
    </Image>
    <Image Include="small.ico">
      <Filter>98.Default</Filter>
    </Image>
  </ItemGroup>
  <ItemGroup>
    <ResourceCompile Include="Client.rc">
      <Filter>98.Default</Filter>
    </ResourceCompile>
  </ItemGroup>
  <ItemGroup>
    <FxCompile Include="..\Bin\ShaderFiles\Shader_VtxPosTex.hlsl">
      <Filter>97.Shader</Filter>
    </FxCompile>
    <FxCompile Include="..\Bin\ShaderFiles\Shader_VtxPosNorTex.hlsl">
      <Filter>97.Shader</Filter>
    </FxCompile>
    <FxCompile Include="..\Bin\ShaderFiles\Shader_VtxMesh.hlsl">
      <Filter>97.Shader</Filter>
    </FxCompile>
    <FxCompile Include="..\Bin\ShaderFiles\Shader_VtxAnimMesh.hlsl">
      <Filter>97.Shader</Filter>
    </FxCompile>
  </ItemGroup>
</Project>