<?xml version="1.0" encoding="utf-8"?>
<Project ToolsVersion="4.0" xmlns="http://schemas.microsoft.com/developer/msbuild/2003">
  <ItemGroup>
    <Filter Include="98.Default">
      <UniqueIdentifier>{0e8d44c7-3c15-48c7-9092-778f5bb384fe}</UniqueIdentifier>
    </Filter>
    <Filter Include="99.Client_Defines">
      <UniqueIdentifier>{e5ebdcd5-f98d-41f2-abee-c350c56b9693}</UniqueIdentifier>
    </Filter>
    <Filter Include="00.MainApp">
      <UniqueIdentifier>{e6e38523-8dc6-440f-8d88-b6d6b6acc231}</UniqueIdentifier>
    </Filter>
    <Filter Include="01.Levels">
      <UniqueIdentifier>{25f95dbd-379c-4428-8bc6-32f36a1ebdeb}</UniqueIdentifier>
    </Filter>
    <Filter Include="01.Levels\99.Loading">
      <UniqueIdentifier>{d54d831a-0314-4408-a56e-bd13f115cd89}</UniqueIdentifier>
    </Filter>
    <Filter Include="01.Levels\99.Loading\Loader">
      <UniqueIdentifier>{d316a60f-2fb2-4d3f-8025-6ff7bc241478}</UniqueIdentifier>
    </Filter>
    <Filter Include="01.Levels\00.Logo">
      <UniqueIdentifier>{600b591e-76de-4f63-8496-ea9ef49761f5}</UniqueIdentifier>
    </Filter>
    <Filter Include="01.Levels\01.GamePlay">
      <UniqueIdentifier>{183cf549-ff70-4770-92a2-54dea7cb6d8b}</UniqueIdentifier>
    </Filter>
    <Filter Include="02.GameObject">
      <UniqueIdentifier>{3c233ff1-6ef4-4344-9242-d239a8db906a}</UniqueIdentifier>
    </Filter>
    <Filter Include="02.GameObject\BackGround">
      <UniqueIdentifier>{fbf09332-93f6-4fbe-bdde-4a26ff1e686d}</UniqueIdentifier>
    </Filter>
    <Filter Include="999. Imgui">
      <UniqueIdentifier>{561a2fe9-ce5a-49e3-be60-e3de37ef7d11}</UniqueIdentifier>
    </Filter>
    <Filter Include="999. Imgui\Manager">
      <UniqueIdentifier>{990b8a5d-5250-49a5-b82a-d28822ec8987}</UniqueIdentifier>
    </Filter>
    <Filter Include="97.Shader">
      <UniqueIdentifier>{2f165e26-97ef-40e4-8943-5b7ef2c6ae65}</UniqueIdentifier>
    </Filter>
    <Filter Include="02.GameObject\Terrain">
      <UniqueIdentifier>{ce1e08a8-7496-4238-8cdc-d373c28cc08d}</UniqueIdentifier>
    </Filter>
    <Filter Include="02.GameObject\Camera">
      <UniqueIdentifier>{917820ce-772b-4de1-8b05-52cbb61fa8d4}</UniqueIdentifier>
    </Filter>
    <Filter Include="999. Imgui\gui">
      <UniqueIdentifier>{573c3773-f4f8-412b-bf2c-ff9ce8110f28}</UniqueIdentifier>
    </Filter>
    <Filter Include="01.Levels\09.Edit">
      <UniqueIdentifier>{fdb0e1ca-4dec-4b43-9312-6b27eae561c3}</UniqueIdentifier>
    </Filter>
    <Filter Include="02.GameObject\Terrain\Edit">
      <UniqueIdentifier>{7ec138c4-6252-4923-a8a3-2206dc583bce}</UniqueIdentifier>
    </Filter>
    <Filter Include="01.Levels\01.GamePlay\Level_1">
      <UniqueIdentifier>{18fc7a18-52a4-493b-8cf1-d5bc700eeedf}</UniqueIdentifier>
    </Filter>
    <Filter Include="01.Levels\01.GamePlay\Level_2">
      <UniqueIdentifier>{dce08dd1-5b1f-4797-a2b9-a9452f674271}</UniqueIdentifier>
    </Filter>
    <Filter Include="01.Levels\01.GamePlay\Level_3">
      <UniqueIdentifier>{fd8187fe-2235-458f-a3db-43edfc580b29}</UniqueIdentifier>
    </Filter>
    <Filter Include="01.Levels\01.GamePlay\Level_4">
      <UniqueIdentifier>{83f8375a-80f6-4d07-9b7c-0c1d751e4bd2}</UniqueIdentifier>
    </Filter>
    <Filter Include="02.GameObject\Object">
      <UniqueIdentifier>{d289fa2d-8aeb-4819-a4ef-c23a49f4603f}</UniqueIdentifier>
    </Filter>
    <Filter Include="02.GameObject\Object\Player">
      <UniqueIdentifier>{a57f584a-6f8b-47e4-b971-5a4126bcb11a}</UniqueIdentifier>
    </Filter>
    <Filter Include="02.GameObject\Object\Monster">
      <UniqueIdentifier>{808aa973-9d4e-42ea-b5a7-0a17ff2ce930}</UniqueIdentifier>
    </Filter>
    <Filter Include="02.GameObject\Object\Boss">
      <UniqueIdentifier>{84aa8443-e56e-4668-836c-019926f3a692}</UniqueIdentifier>
    </Filter>
    <Filter Include="02.GameObject\Object\Boss\Boss_Urd">
      <UniqueIdentifier>{8fa1fceb-e017-44df-b052-3970ae2f0578}</UniqueIdentifier>
    </Filter>
    <Filter Include="02.GameObject\Object\Porps">
      <UniqueIdentifier>{5bbb44bc-fd26-40a6-84e9-0f3b1f392a71}</UniqueIdentifier>
    </Filter>
    <Filter Include="02.GameObject\Object\Player\State">
      <UniqueIdentifier>{7ae48c94-2722-46bc-83a5-4555c8215b9c}</UniqueIdentifier>
    </Filter>
    <Filter Include="02.GameObject\Object\Player\Part">
      <UniqueIdentifier>{83a1639c-7ae2-4904-b06b-a5c5c7b7cf01}</UniqueIdentifier>
    </Filter>
    <Filter Include="02.GameObject\Object\Player\Part\Body_Player">
      <UniqueIdentifier>{57a98c84-04b1-4cce-a9fa-5b13005b1661}</UniqueIdentifier>
    </Filter>
    <Filter Include="02.GameObject\Object\Player\Part\Weapon_Player">
      <UniqueIdentifier>{2b5430ab-562c-44f6-9dba-f5a5b5e25d0e}</UniqueIdentifier>
    </Filter>
    <Filter Include="02.GameObject\Object\SkyDome">
      <UniqueIdentifier>{a8b6da27-dac7-4f7a-a9fa-879c9b75871b}</UniqueIdentifier>
    </Filter>
    <Filter Include="02.GameObject\Object\Boss\Boss_Urd\Part">
      <UniqueIdentifier>{782d694b-4a65-4245-b1fc-68f61163c159}</UniqueIdentifier>
    </Filter>
    <Filter Include="02.GameObject\Object\Boss\Boss_Urd\Part\Body_Boss_Urd">
      <UniqueIdentifier>{271dd645-de0b-4007-8299-d354e4d37591}</UniqueIdentifier>
    </Filter>
    <Filter Include="02.GameObject\Object\Boss\Boss_Urd\Part\Weapon_Boss_Urd">
      <UniqueIdentifier>{e6670a69-81fc-4a01-8901-e539d9793c34}</UniqueIdentifier>
    </Filter>
    <Filter Include="02.GameObject\Object\Boss\Boss_Urd\State">
      <UniqueIdentifier>{acf21e79-ef8e-4cc9-b6c3-10f2936f8cbb}</UniqueIdentifier>
    </Filter>
    <Filter Include="02.GameObject\Object\General Parts">
      <UniqueIdentifier>{7b69b7e9-aedc-4b14-a345-200addb4d436}</UniqueIdentifier>
    </Filter>
    <Filter Include="02.GameObject\Object\Boss\Boss_Urd\Part\HitBox_Boss_Urd">
      <UniqueIdentifier>{2e268c27-0d5a-4e6d-87c5-bcf985d2813c}</UniqueIdentifier>
    </Filter>
    <Filter Include="02.GameObject\Object\Player\Part\HitBox_Player">
      <UniqueIdentifier>{fc26cd27-c3c1-41fa-8f8a-5aa90a40aff6}</UniqueIdentifier>
    </Filter>
    <Filter Include="02.GameObject\Object\Porps\Land">
      <UniqueIdentifier>{ba71fdb8-9bc5-4e97-a570-3f0b416ee6a6}</UniqueIdentifier>
    </Filter>
    <Filter Include="02.GameObject\Object\Porps\Deco">
      <UniqueIdentifier>{f8cb89e8-4a2a-4174-b791-de097e27c9d3}</UniqueIdentifier>
    </Filter>
    <Filter Include="02.GameObject\Object\Porps\Land\Stair">
      <UniqueIdentifier>{82e7e12c-0e94-4708-9195-7e9cb9f4760e}</UniqueIdentifier>
    </Filter>
    <Filter Include="02.GameObject\Object\Porps\Land\BossRoom">
      <UniqueIdentifier>{09b213f6-7bc5-44e3-8420-72b26d03de2c}</UniqueIdentifier>
    </Filter>
    <Filter Include="02.GameObject\Object\Porps\Land\Church">
      <UniqueIdentifier>{09edb94f-992b-41ea-a07f-205a86a2792f}</UniqueIdentifier>
    </Filter>
    <Filter Include="02.GameObject\Object\Porps\Deco\ChurchWindowGriles">
      <UniqueIdentifier>{faeffdc1-fec4-46c3-904f-d052cbb3781b}</UniqueIdentifier>
    </Filter>
    <Filter Include="02.GameObject\Object\Porps\Deco\ChurchSideDoor">
      <UniqueIdentifier>{26286da7-1577-46b9-b43a-b641f083354f}</UniqueIdentifier>
    </Filter>
    <Filter Include="02.GameObject\Object\Porps\Deco\ChurchRightDoor">
      <UniqueIdentifier>{90ab0c53-618a-4177-bd55-bc98868251f0}</UniqueIdentifier>
    </Filter>
    <Filter Include="02.GameObject\Object\Porps\Deco\ChurchLeftDoor">
      <UniqueIdentifier>{ab6032dd-cb79-4614-b22e-d40b7668f2db}</UniqueIdentifier>
    </Filter>
    <Filter Include="02.GameObject\Object\Porps\Deco\ChurchGrillesFloor">
      <UniqueIdentifier>{ecbc253c-ea08-4874-99a2-11d4172e0106}</UniqueIdentifier>
    </Filter>
    <Filter Include="02.GameObject\Object\Monster\Enemy_Halberd">
      <UniqueIdentifier>{385549ff-b4a7-43e8-8cbf-0005cbb4e961}</UniqueIdentifier>
    </Filter>
    <Filter Include="02.GameObject\Object\Monster\Enemy_GreatSword">
      <UniqueIdentifier>{b485e113-b842-4023-99da-0ceaea92e73a}</UniqueIdentifier>
    </Filter>
    <Filter Include="02.GameObject\Object\Monster\Enemy_GreatSword\Part">
      <UniqueIdentifier>{57be666f-c74e-4c90-b7a4-c777e619bbe9}</UniqueIdentifier>
    </Filter>
    <Filter Include="02.GameObject\Object\Monster\Enemy_GreatSword\State">
      <UniqueIdentifier>{43f79daa-ce97-442e-a5a0-e8f5a2cc44a3}</UniqueIdentifier>
    </Filter>
    <Filter Include="02.GameObject\Object\Monster\Enemy_GreatSword\Part\Body">
      <UniqueIdentifier>{43c91b57-7909-4b89-a9d8-6315a07e61ad}</UniqueIdentifier>
    </Filter>
    <Filter Include="02.GameObject\Object\Monster\Enemy_GreatSword\Part\Weapon">
      <UniqueIdentifier>{60906c56-1d26-482d-8d52-b03c7afdbb46}</UniqueIdentifier>
    </Filter>
    <Filter Include="02.GameObject\Object\Monster\Enemy_GreatSword\Part\HitBox">
      <UniqueIdentifier>{84b08246-2260-47f5-b275-6facc7fe3fcb}</UniqueIdentifier>
    </Filter>
    <Filter Include="02.GameObject\Object\Monster\Enemy_Halberd\Part">
      <UniqueIdentifier>{cbe73d36-6095-4945-b53b-8fa9353f1522}</UniqueIdentifier>
    </Filter>
    <Filter Include="02.GameObject\Object\Monster\Enemy_Halberd\Part\Body">
      <UniqueIdentifier>{927a2741-9aca-49b5-ab1b-84e99ea71969}</UniqueIdentifier>
    </Filter>
    <Filter Include="02.GameObject\Object\Monster\Enemy_Halberd\Part\Weapon">
      <UniqueIdentifier>{1b142ea1-b442-402f-942e-555146a25a8b}</UniqueIdentifier>
    </Filter>
    <Filter Include="02.GameObject\Object\Monster\Enemy_Halberd\Part\HitBox">
      <UniqueIdentifier>{3cf0f84f-1d85-4408-abf2-6bc6c70681dc}</UniqueIdentifier>
    </Filter>
    <Filter Include="02.GameObject\Object\Monster\Enemy_Halberd\State">
      <UniqueIdentifier>{b30ddcad-7fee-4019-b3ec-98b2758fab8f}</UniqueIdentifier>
    </Filter>
    <Filter Include="02.GameObject\Object\Porps\Land\Sub_Building">
      <UniqueIdentifier>{b6ae6dab-a734-44fd-a2fb-433afa22e8bb}</UniqueIdentifier>
    </Filter>
    <Filter Include="02.GameObject\Object\Monster\Enemy_Shield">
      <UniqueIdentifier>{7b91ee9d-51e8-4a84-ab77-e3c231c12ab6}</UniqueIdentifier>
    </Filter>
    <Filter Include="02.GameObject\Object\Monster\Enemy_TwinSword">
      <UniqueIdentifier>{02ed15bc-6948-44d8-8954-dc459bd7e17b}</UniqueIdentifier>
    </Filter>
    <Filter Include="02.GameObject\Object\Monster\Enemy_Shield\State">
      <UniqueIdentifier>{b0fb2948-7bac-404b-ba65-92a30ed55533}</UniqueIdentifier>
    </Filter>
    <Filter Include="02.GameObject\Object\Monster\Enemy_Shield\Part">
      <UniqueIdentifier>{dc2ac3cc-4127-430d-bddb-03d8b18b54b9}</UniqueIdentifier>
    </Filter>
    <Filter Include="02.GameObject\Object\Monster\Enemy_Shield\Part\Body">
      <UniqueIdentifier>{9b1c8a02-305a-4737-9f32-0ef34f03886b}</UniqueIdentifier>
    </Filter>
    <Filter Include="02.GameObject\Object\Monster\Enemy_Shield\Part\Weapon">
      <UniqueIdentifier>{0327881c-80d9-40f2-95c2-16285a9aa88e}</UniqueIdentifier>
    </Filter>
    <Filter Include="02.GameObject\Object\Monster\Enemy_Shield\Part\HitBox">
      <UniqueIdentifier>{59fecea3-54a4-4d08-9303-196f5299dd1a}</UniqueIdentifier>
    </Filter>
    <Filter Include="02.GameObject\Object\Monster\Enemy_TwinSword\Part">
      <UniqueIdentifier>{b94deffc-b52d-4c09-99bd-5be3d7f86fe6}</UniqueIdentifier>
    </Filter>
    <Filter Include="02.GameObject\Object\Monster\Enemy_TwinSword\State">
      <UniqueIdentifier>{b69d969f-8334-4522-b12b-2b23e6fb7edd}</UniqueIdentifier>
    </Filter>
    <Filter Include="02.GameObject\Object\Monster\Enemy_TwinSword\Part\Body">
      <UniqueIdentifier>{86963a5e-23fb-447b-9d4e-ec1d496b09bd}</UniqueIdentifier>
    </Filter>
    <Filter Include="02.GameObject\Object\Monster\Enemy_TwinSword\Part\HitBox">
      <UniqueIdentifier>{dfe8e31e-4eaf-41f9-8418-674f899aafe4}</UniqueIdentifier>
    </Filter>
    <Filter Include="02.GameObject\Object\Monster\Enemy_TwinSword\Part\Weapon">
      <UniqueIdentifier>{d8696275-1251-4255-a23a-3de66fab7079}</UniqueIdentifier>
    </Filter>
    <Filter Include="02.GameObject\Object\Porps\Deco\Sub_Door">
      <UniqueIdentifier>{33d490b1-0031-46b5-b611-7eea9f56652c}</UniqueIdentifier>
    </Filter>
    <Filter Include="02.GameObject\Object\Boss\Boss_Urd\Part\Seq_Camera_Urd">
      <UniqueIdentifier>{4131252f-a3dc-4530-8f83-9d55bdc58b9d}</UniqueIdentifier>
    </Filter>
    <Filter Include="02.GameObject\Object\Player\Part\Camera_Player">
      <UniqueIdentifier>{98d54c00-4e02-410f-a281-38f55030571a}</UniqueIdentifier>
    </Filter>
    <Filter Include="02.GameObject\Object\Porps\Deco\Left_BossDoor">
      <UniqueIdentifier>{d68722fe-1ab9-4f2d-ae2e-5a0d193f9ac0}</UniqueIdentifier>
    </Filter>
    <Filter Include="02.GameObject\Object\Porps\Deco\Right_BossDoor">
      <UniqueIdentifier>{63198ecd-7a31-4278-a3bd-cca62e1b323d}</UniqueIdentifier>
    </Filter>
    <Filter Include="02.GameObject\Object\Porps\Deco\Left_Shaft">
      <UniqueIdentifier>{10cda033-4733-4e94-96c3-04f1bc498d7c}</UniqueIdentifier>
    </Filter>
    <Filter Include="02.GameObject\Object\Porps\Deco\DeadTree">
      <UniqueIdentifier>{0bb3f4a6-8548-4836-b06a-3ccb90ee6c0b}</UniqueIdentifier>
    </Filter>
    <Filter Include="02.GameObject\Object\Porps\Deco\Right_Shaft">
      <UniqueIdentifier>{b7db382a-7954-4324-8674-28e0325946fa}</UniqueIdentifier>
    </Filter>
    <Filter Include="02.GameObject\Object\Porps\Deco\WindowWall">
      <UniqueIdentifier>{66094211-240e-4792-80a5-4012c22cd609}</UniqueIdentifier>
    </Filter>
    <Filter Include="02.GameObject\Object\Porps\Deco\WindowWall2">
      <UniqueIdentifier>{5c3e291c-61df-497b-b698-c186f70f8a3e}</UniqueIdentifier>
    </Filter>
    <Filter Include="02.GameObject\Object\Porps\Deco\Wall">
      <UniqueIdentifier>{24799cdf-e372-4b74-95e7-83e49a78fbc7}</UniqueIdentifier>
    </Filter>
    <Filter Include="02.GameObject\Object\Monster\Npc_Kid">
      <UniqueIdentifier>{7d5372f8-4399-406f-b366-4e3bd4c63cbb}</UniqueIdentifier>
    </Filter>
    <Filter Include="02.GameObject\Object\Monster\Npc_Kid\Part">
      <UniqueIdentifier>{9b9c146a-5c79-49b3-90c7-499d6e18186c}</UniqueIdentifier>
    </Filter>
    <Filter Include="02.GameObject\Object\Monster\Npc_Kid\Part\Body">
      <UniqueIdentifier>{d03c4157-32d9-489e-a79e-56422c76b1b7}</UniqueIdentifier>
    </Filter>
    <Filter Include="02.GameObject\Object\Monster\Npc_Kid\State">
      <UniqueIdentifier>{b6194071-8c89-4179-a7bb-10043f3226c1}</UniqueIdentifier>
    </Filter>
    <Filter Include="02.GameObject\Object\Effect">
      <UniqueIdentifier>{57b3a290-8c9e-45dc-8dd7-5fb31f803ad6}</UniqueIdentifier>
    </Filter>
    <Filter Include="02.GameObject\Object\Effect\ParrySpark">
      <UniqueIdentifier>{ec2aa38b-e18e-4253-96c7-997a76b7c45e}</UniqueIdentifier>
    </Filter>
    <Filter Include="02.GameObject\Loading">
      <UniqueIdentifier>{531a4e17-8942-47e5-bbdf-36f786bc7d5c}</UniqueIdentifier>
    </Filter>
  </ItemGroup>
  <ItemGroup>
    <ClCompile Include="Client.cpp">
      <Filter>98.Default</Filter>
    </ClCompile>
    <ClCompile Include="..\Private\MainApp.cpp">
      <Filter>00.MainApp</Filter>
    </ClCompile>
    <ClCompile Include="pch.cpp">
      <Filter>98.Default</Filter>
    </ClCompile>
    <ClCompile Include="..\Private\Level_Logo.cpp">
      <Filter>01.Levels\00.Logo</Filter>
    </ClCompile>
    <ClCompile Include="..\Private\Level_GamePlay.cpp">
      <Filter>01.Levels\01.GamePlay</Filter>
    </ClCompile>
    <ClCompile Include="..\Private\Level_Loading.cpp">
      <Filter>01.Levels\99.Loading</Filter>
    </ClCompile>
    <ClCompile Include="..\Private\Loader.cpp">
      <Filter>01.Levels\99.Loading\Loader</Filter>
    </ClCompile>
    <ClCompile Include="..\Private\BackGround.cpp">
      <Filter>02.GameObject\BackGround</Filter>
    </ClCompile>
    <ClCompile Include="..\Private\Imgui_Manager.cpp">
      <Filter>999. Imgui\Manager</Filter>
    </ClCompile>
    <ClCompile Include="..\Private\Terrain.cpp">
      <Filter>02.GameObject\Terrain</Filter>
    </ClCompile>
    <ClCompile Include="..\Private\ToolCamera.cpp">
      <Filter>02.GameObject\Camera</Filter>
    </ClCompile>
    <ClCompile Include="..\..\Imgui\imgui.cpp">
      <Filter>999. Imgui\gui</Filter>
    </ClCompile>
    <ClCompile Include="..\..\Imgui\imgui_demo.cpp">
      <Filter>999. Imgui\gui</Filter>
    </ClCompile>
    <ClCompile Include="..\..\Imgui\imgui_draw.cpp">
      <Filter>999. Imgui\gui</Filter>
    </ClCompile>
    <ClCompile Include="..\..\Imgui\imgui_impl_dx11.cpp">
      <Filter>999. Imgui\gui</Filter>
    </ClCompile>
    <ClCompile Include="..\..\Imgui\imgui_impl_win32.cpp">
      <Filter>999. Imgui\gui</Filter>
    </ClCompile>
    <ClCompile Include="..\..\Imgui\imgui_tables.cpp">
      <Filter>999. Imgui\gui</Filter>
    </ClCompile>
    <ClCompile Include="..\..\Imgui\imgui_widgets.cpp">
      <Filter>999. Imgui\gui</Filter>
    </ClCompile>
    <ClCompile Include="..\Private\ChurchGrillesFloor.cpp">
      <Filter>02.GameObject\Object\Porps\Deco\ChurchGrillesFloor</Filter>
    </ClCompile>
    <ClCompile Include="..\..\Imgui\imgui_spectrum.cpp">
      <Filter>999. Imgui\gui</Filter>
    </ClCompile>
    <ClCompile Include="..\Private\Edit_Terrain.cpp">
      <Filter>02.GameObject\Terrain\Edit</Filter>
    </ClCompile>
    <ClCompile Include="..\Private\Level_Edit.cpp">
      <Filter>01.Levels\09.Edit</Filter>
    </ClCompile>
    <ClCompile Include="..\Private\Player.cpp">
      <Filter>02.GameObject\Object\Player</Filter>
    </ClCompile>
    <ClCompile Include="..\Private\Level_1.cpp">
      <Filter>01.Levels\01.GamePlay\Level_1</Filter>
    </ClCompile>
    <ClCompile Include="..\Private\Body_Player.cpp">
      <Filter>02.GameObject\Object\Player\Part\Body_Player</Filter>
    </ClCompile>
    <ClCompile Include="..\Private\Weapon_Player_Saber.cpp">
      <Filter>02.GameObject\Object\Player\Part\Weapon_Player</Filter>
    </ClCompile>
    <ClCompile Include="..\Private\Weapon_Player_Dagger.cpp">
      <Filter>02.GameObject\Object\Player\Part\Weapon_Player</Filter>
    </ClCompile>
    <ClCompile Include="..\Private\Boss_Urd.cpp">
      <Filter>02.GameObject\Object\Boss\Boss_Urd</Filter>
    </ClCompile>
    <ClCompile Include="..\Private\Body_Boss_Urd.cpp">
      <Filter>02.GameObject\Object\Boss\Boss_Urd\Part\Body_Boss_Urd</Filter>
    </ClCompile>
    <ClCompile Include="..\Private\Weapon_Boss_Urd.cpp">
      <Filter>02.GameObject\Object\Boss\Boss_Urd\Part\Weapon_Boss_Urd</Filter>
    </ClCompile>
    <ClCompile Include="..\Private\Church.cpp">
      <Filter>02.GameObject\Object\Porps\Land\Church</Filter>
    </ClCompile>
    <ClCompile Include="..\Private\State_Walk.cpp">
      <Filter>02.GameObject\Object\Player\State</Filter>
    </ClCompile>
    <ClCompile Include="..\Private\State_Idle.cpp">
      <Filter>02.GameObject\Object\Player\State</Filter>
    </ClCompile>
    <ClCompile Include="..\Private\PlayerCamera.cpp">
      <Filter>02.GameObject\Camera</Filter>
    </ClCompile>
    <ClCompile Include="..\Private\State_Avoid.cpp">
      <Filter>02.GameObject\Object\Player\State</Filter>
    </ClCompile>
    <ClCompile Include="..\Private\State_Attack.cpp">
      <Filter>02.GameObject\Object\Player\State</Filter>
    </ClCompile>
    <ClCompile Include="..\Private\State_Parry.cpp">
      <Filter>02.GameObject\Object\Player\State</Filter>
    </ClCompile>
    <ClCompile Include="..\Private\SkyDome.cpp">
      <Filter>02.GameObject\Object\SkyDome</Filter>
    </ClCompile>
    <ClCompile Include="..\Private\State_Lockon_Idle.cpp">
      <Filter>02.GameObject\Object\Player\State</Filter>
    </ClCompile>
    <ClCompile Include="..\Private\State_Lockon_Walk.cpp">
      <Filter>02.GameObject\Object\Player\State</Filter>
    </ClCompile>
    <ClCompile Include="..\Private\State_Lockon_Avoid.cpp">
      <Filter>02.GameObject\Object\Player\State</Filter>
    </ClCompile>
    <ClCompile Include="..\Private\State_Lockon_Parry.cpp">
      <Filter>02.GameObject\Object\Player\State</Filter>
    </ClCompile>
    <ClCompile Include="..\Private\State_Lockon_Attack.cpp">
      <Filter>02.GameObject\Object\Player\State</Filter>
    </ClCompile>
    <ClCompile Include="..\Private\State_Idle_Urd.cpp">
      <Filter>02.GameObject\Object\Boss\Boss_Urd\State</Filter>
    </ClCompile>
    <ClCompile Include="..\Private\State_Hit_Urd.cpp">
      <Filter>02.GameObject\Object\Boss\Boss_Urd\State</Filter>
    </ClCompile>
    <ClCompile Include="..\Private\HitBox_Boss_Urd.cpp">
      <Filter>02.GameObject\Object\Boss\Boss_Urd\Part\HitBox_Boss_Urd</Filter>
    </ClCompile>
    <ClCompile Include="..\Private\State_Avoid_Urd.cpp">
      <Filter>02.GameObject\Object\Boss\Boss_Urd\State</Filter>
    </ClCompile>
    <ClCompile Include="..\Private\HitBox_Player.cpp">
      <Filter>02.GameObject\Object\Player\Part\HitBox_Player</Filter>
    </ClCompile>
    <ClCompile Include="..\Private\State_Attack_Urd.cpp">
      <Filter>02.GameObject\Object\Boss\Boss_Urd\State</Filter>
    </ClCompile>
    <ClCompile Include="..\Private\State_Hit.cpp">
      <Filter>02.GameObject\Object\Player\State</Filter>
    </ClCompile>
    <ClCompile Include="..\Private\ChurchWindowGriles.cpp">
      <Filter>02.GameObject\Object\Porps\Deco\ChurchWindowGriles</Filter>
    </ClCompile>
    <ClCompile Include="..\Private\BossRoom.cpp">
      <Filter>02.GameObject\Object\Porps\Land\BossRoom</Filter>
    </ClCompile>
    <ClCompile Include="..\Private\ChurchSideDoor.cpp">
      <Filter>02.GameObject\Object\Porps\Deco\ChurchSideDoor</Filter>
    </ClCompile>
    <ClCompile Include="..\Private\ChurchLeftDoor.cpp">
      <Filter>02.GameObject\Object\Porps\Deco\ChurchLeftDoor</Filter>
    </ClCompile>
    <ClCompile Include="..\Private\ChurchRightDoor.cpp">
      <Filter>02.GameObject\Object\Porps\Deco\ChurchRightDoor</Filter>
    </ClCompile>
    <ClCompile Include="..\Private\Stair.cpp">
      <Filter>02.GameObject\Object\Porps\Land\Stair</Filter>
    </ClCompile>
    <ClCompile Include="..\Private\Enemy_Halberd.cpp">
      <Filter>02.GameObject\Object\Monster\Enemy_Halberd</Filter>
    </ClCompile>
    <ClCompile Include="..\Private\Enemy_GreatSword.cpp">
      <Filter>02.GameObject\Object\Monster\Enemy_GreatSword</Filter>
    </ClCompile>
    <ClCompile Include="..\Private\Body_GreatSword.cpp">
      <Filter>02.GameObject\Object\Monster\Enemy_GreatSword\Part\Body</Filter>
    </ClCompile>
    <ClCompile Include="..\Private\HitBox_GreatSword.cpp">
      <Filter>02.GameObject\Object\Monster\Enemy_GreatSword\Part\HitBox</Filter>
    </ClCompile>
    <ClCompile Include="..\Private\Weapon_GreatSword.cpp">
      <Filter>02.GameObject\Object\Monster\Enemy_GreatSword\Part\Weapon</Filter>
    </ClCompile>
    <ClCompile Include="..\Private\State_Idle_GreatSword.cpp">
      <Filter>02.GameObject\Object\Monster\Enemy_GreatSword\State</Filter>
    </ClCompile>
    <ClCompile Include="..\Private\Body_Halberd.cpp">
      <Filter>02.GameObject\Object\Monster\Enemy_Halberd\Part\Body</Filter>
    </ClCompile>
    <ClCompile Include="..\Private\HitBox_Halberd.cpp">
      <Filter>02.GameObject\Object\Monster\Enemy_Halberd\Part\HitBox</Filter>
    </ClCompile>
    <ClCompile Include="..\Private\Weapon_Halberd.cpp">
      <Filter>02.GameObject\Object\Monster\Enemy_Halberd\Part\Weapon</Filter>
    </ClCompile>
    <ClCompile Include="..\Private\State_Idle_Halberd.cpp">
      <Filter>02.GameObject\Object\Monster\Enemy_Halberd\State</Filter>
    </ClCompile>
    <ClCompile Include="..\Private\State_Walk_GreatSword.cpp">
      <Filter>02.GameObject\Object\Monster\Enemy_GreatSword\State</Filter>
    </ClCompile>
    <ClCompile Include="..\Private\State_Hit_Great_Sword.cpp">
      <Filter>02.GameObject\Object\Monster\Enemy_GreatSword\State</Filter>
    </ClCompile>
    <ClCompile Include="..\Private\State_Attack_GreatSword.cpp">
      <Filter>02.GameObject\Object\Monster\Enemy_GreatSword\State</Filter>
    </ClCompile>
    <ClCompile Include="..\Private\State_Avoid_GreatSword.cpp">
      <Filter>02.GameObject\Object\Monster\Enemy_GreatSword\State</Filter>
    </ClCompile>
    <ClCompile Include="..\Private\State_Dead_GreatSword.cpp">
      <Filter>02.GameObject\Object\Monster\Enemy_GreatSword\State</Filter>
    </ClCompile>
    <ClCompile Include="..\Private\State_Parry_GreatSword.cpp">
      <Filter>02.GameObject\Object\Monster\Enemy_GreatSword\State</Filter>
    </ClCompile>
    <ClCompile Include="..\Private\State_Lockon_ParrySuccess.cpp">
      <Filter>02.GameObject\Object\Player\State</Filter>
    </ClCompile>
    <ClCompile Include="..\Private\State_ParrySuccess.cpp">
      <Filter>02.GameObject\Object\Player\State</Filter>
    </ClCompile>
    <ClCompile Include="..\Private\State_Attack_Halberd.cpp">
      <Filter>02.GameObject\Object\Monster\Enemy_Halberd\State</Filter>
    </ClCompile>
    <ClCompile Include="..\Private\State_Parry_Halberd.cpp">
      <Filter>02.GameObject\Object\Monster\Enemy_Halberd\State</Filter>
    </ClCompile>
    <ClCompile Include="..\Private\State_Avoid_Halberd.cpp">
      <Filter>02.GameObject\Object\Monster\Enemy_Halberd\State</Filter>
    </ClCompile>
    <ClCompile Include="..\Private\State_Hit_Halberd.cpp">
      <Filter>02.GameObject\Object\Monster\Enemy_Halberd\State</Filter>
    </ClCompile>
    <ClCompile Include="..\Private\State_Walk_Halberd.cpp">
      <Filter>02.GameObject\Object\Monster\Enemy_Halberd\State</Filter>
    </ClCompile>
    <ClCompile Include="..\Private\State_Dead_Halberd.cpp">
      <Filter>02.GameObject\Object\Monster\Enemy_Halberd\State</Filter>
    </ClCompile>
    <ClCompile Include="..\Private\State_Run_Halberd.cpp">
      <Filter>02.GameObject\Object\Monster\Enemy_Halberd\State</Filter>
    </ClCompile>
    <ClCompile Include="..\Private\Sub_Building.cpp">
      <Filter>02.GameObject\Object\Porps\Land\Sub_Building</Filter>
    </ClCompile>
    <ClCompile Include="..\Private\Enemy_Shield.cpp">
      <Filter>02.GameObject\Object\Monster\Enemy_Shield</Filter>
    </ClCompile>
    <ClCompile Include="..\Private\Enemy_TwinSword.cpp">
      <Filter>02.GameObject\Object\Monster\Enemy_TwinSword</Filter>
    </ClCompile>
    <ClCompile Include="..\Private\Body_Shield.cpp">
      <Filter>02.GameObject\Object\Monster\Enemy_Shield\Part\Body</Filter>
    </ClCompile>
    <ClCompile Include="..\Private\HitBox_Shield.cpp">
      <Filter>02.GameObject\Object\Monster\Enemy_Shield\Part\HitBox</Filter>
    </ClCompile>
    <ClCompile Include="..\Private\Weapon_Shield.cpp">
      <Filter>02.GameObject\Object\Monster\Enemy_Shield\Part\Weapon</Filter>
    </ClCompile>
    <ClCompile Include="..\Private\Body_TwinSword.cpp">
      <Filter>02.GameObject\Object\Monster\Enemy_TwinSword\Part\Body</Filter>
    </ClCompile>
    <ClCompile Include="..\Private\HitBox_TwinSword.cpp">
      <Filter>02.GameObject\Object\Monster\Enemy_TwinSword\Part\HitBox</Filter>
    </ClCompile>
    <ClCompile Include="..\Private\Weapon_TwinSword.cpp">
      <Filter>02.GameObject\Object\Monster\Enemy_TwinSword\Part\Weapon</Filter>
    </ClCompile>
    <ClCompile Include="..\Private\Weapon_Sword.cpp">
      <Filter>02.GameObject\Object\Monster\Enemy_Shield\Part\Weapon</Filter>
    </ClCompile>
    <ClCompile Include="..\Private\Weapon_TwinSword2.cpp">
      <Filter>02.GameObject\Object\Monster\Enemy_TwinSword\Part\Weapon</Filter>
    </ClCompile>
    <ClCompile Include="..\Private\State_Parry_Shield.cpp">
      <Filter>02.GameObject\Object\Monster\Enemy_Shield\State</Filter>
    </ClCompile>
    <ClCompile Include="..\Private\State_Avoid_Shield.cpp">
      <Filter>02.GameObject\Object\Monster\Enemy_Shield\State</Filter>
    </ClCompile>
    <ClCompile Include="..\Private\State_Attack_Shield.cpp">
      <Filter>02.GameObject\Object\Monster\Enemy_Shield\State</Filter>
    </ClCompile>
    <ClCompile Include="..\Private\State_Walk_Shield.cpp">
      <Filter>02.GameObject\Object\Monster\Enemy_Shield\State</Filter>
    </ClCompile>
    <ClCompile Include="..\Private\State_Idle_Shield.cpp">
      <Filter>02.GameObject\Object\Monster\Enemy_Shield\State</Filter>
    </ClCompile>
    <ClCompile Include="..\Private\State_Dead_Shield.cpp">
      <Filter>02.GameObject\Object\Monster\Enemy_Shield\State</Filter>
    </ClCompile>
    <ClCompile Include="..\Private\State_Hit_Shield.cpp">
      <Filter>02.GameObject\Object\Monster\Enemy_Shield\State</Filter>
    </ClCompile>
    <ClCompile Include="..\Private\State_Parry_TwinSword.cpp">
      <Filter>02.GameObject\Object\Monster\Enemy_TwinSword\State</Filter>
    </ClCompile>
    <ClCompile Include="..\Private\State_Avoid_TwinSword.cpp">
      <Filter>02.GameObject\Object\Monster\Enemy_TwinSword\State</Filter>
    </ClCompile>
    <ClCompile Include="..\Private\State_Attack_TwinSword.cpp">
      <Filter>02.GameObject\Object\Monster\Enemy_TwinSword\State</Filter>
    </ClCompile>
    <ClCompile Include="..\Private\State_Walk_TwinSword.cpp">
      <Filter>02.GameObject\Object\Monster\Enemy_TwinSword\State</Filter>
    </ClCompile>
    <ClCompile Include="..\Private\State_Idle_TwinSword.cpp">
      <Filter>02.GameObject\Object\Monster\Enemy_TwinSword\State</Filter>
    </ClCompile>
    <ClCompile Include="..\Private\State_Dead_TwinSword.cpp">
      <Filter>02.GameObject\Object\Monster\Enemy_TwinSword\State</Filter>
    </ClCompile>
    <ClCompile Include="..\Private\State_Hit_TwinSword.cpp">
      <Filter>02.GameObject\Object\Monster\Enemy_TwinSword\State</Filter>
    </ClCompile>
    <ClCompile Include="..\Private\State_Run_Shield.cpp">
      <Filter>02.GameObject\Object\Monster\Enemy_Shield\State</Filter>
    </ClCompile>
    <ClCompile Include="..\Private\State_Run_TwinSword.cpp">
      <Filter>02.GameObject\Object\Monster\Enemy_TwinSword\State</Filter>
    </ClCompile>
    <ClCompile Include="..\Private\Sub_Door.cpp">
      <Filter>02.GameObject\Object\Porps\Deco\Sub_Door</Filter>
    </ClCompile>
    <ClCompile Include="..\Private\Throw_Weapon_Urd.cpp">
      <Filter>02.GameObject\Object\Boss\Boss_Urd\Part\Weapon_Boss_Urd</Filter>
    </ClCompile>
    <ClCompile Include="..\Private\Seq_Camera_Urd.cpp">
      <Filter>02.GameObject\Object\Boss\Boss_Urd\Part\Seq_Camera_Urd</Filter>
    </ClCompile>
    <ClCompile Include="..\Private\State_Seq_Urd.cpp">
      <Filter>02.GameObject\Object\Boss\Boss_Urd\State</Filter>
    </ClCompile>
    <ClCompile Include="..\Private\State_Parry_Urd.cpp">
      <Filter>02.GameObject\Object\Boss\Boss_Urd\State</Filter>
    </ClCompile>
    <ClCompile Include="..\Private\State_Run_Urd.cpp">
      <Filter>02.GameObject\Object\Boss\Boss_Urd\State</Filter>
    </ClCompile>
    <ClCompile Include="..\Private\State_Walk_Urd.cpp">
      <Filter>02.GameObject\Object\Boss\Boss_Urd\State</Filter>
    </ClCompile>
    <ClCompile Include="..\Private\State_Stun_Urd.cpp">
      <Filter>02.GameObject\Object\Boss\Boss_Urd\State</Filter>
    </ClCompile>
    <ClCompile Include="..\Public\State_Dead_Urd.cpp">
      <Filter>02.GameObject\Object\Boss\Boss_Urd\State</Filter>
    </ClCompile>
    <ClCompile Include="..\Private\State_Excute.cpp">
      <Filter>02.GameObject\Object\Player\State</Filter>
    </ClCompile>
    <ClCompile Include="..\Private\Seq_Camera_Player.cpp">
      <Filter>02.GameObject\Object\Player\Part\Camera_Player</Filter>
    </ClCompile>
    <ClCompile Include="WeaponGara_Boss_Urd.cpp">
      <Filter>02.GameObject\Object\Boss\Boss_Urd\Part\Weapon_Boss_Urd</Filter>
    </ClCompile>
    <ClCompile Include="..\Private\State_Skill_Urd.cpp">
      <Filter>02.GameObject\Object\Boss\Boss_Urd\State</Filter>
    </ClCompile>
    <ClCompile Include="..\Private\Left_BossDoor.cpp">
      <Filter>02.GameObject\Object\Porps\Deco\Left_BossDoor</Filter>
    </ClCompile>
    <ClCompile Include="..\Private\Right_BossDoor.cpp">
      <Filter>02.GameObject\Object\Porps\Deco\Right_BossDoor</Filter>
    </ClCompile>
    <ClCompile Include="..\Private\Right_Shaft.cpp">
      <Filter>02.GameObject\Object\Porps\Deco\Right_Shaft</Filter>
    </ClCompile>
    <ClCompile Include="..\Private\Left_Shaft.cpp">
      <Filter>02.GameObject\Object\Porps\Deco\Left_Shaft</Filter>
    </ClCompile>
    <ClCompile Include="..\Private\DeadTree.cpp">
      <Filter>02.GameObject\Object\Porps\Deco\DeadTree</Filter>
    </ClCompile>
    <ClCompile Include="..\Private\Wall.cpp">
      <Filter>02.GameObject\Object\Porps\Deco\Wall</Filter>
    </ClCompile>
    <ClCompile Include="..\Private\WindowWall.cpp">
      <Filter>02.GameObject\Object\Porps\Deco\WindowWall</Filter>
    </ClCompile>
    <ClCompile Include="..\Private\WindowWall2.cpp">
      <Filter>02.GameObject\Object\Porps\Deco\WindowWall2</Filter>
    </ClCompile>
    <ClCompile Include="..\Private\Npc_Kid.cpp">
      <Filter>02.GameObject\Object\Monster\Npc_Kid</Filter>
    </ClCompile>
    <ClCompile Include="..\Private\Body_Npc_Kid.cpp">
      <Filter>02.GameObject\Object\Monster\Npc_Kid\Part\Body</Filter>
    </ClCompile>
    <ClCompile Include="..\Private\State_Idle_Kid.cpp">
      <Filter>02.GameObject\Object\Monster\Npc_Kid\State</Filter>
    </ClCompile>
    <ClCompile Include="..\Private\EffectManager.cpp">
      <Filter>02.GameObject\Object\Effect</Filter>
    </ClCompile>
    <ClCompile Include="..\Private\ParrySpark.cpp">
      <Filter>02.GameObject\Object\Effect\ParrySpark</Filter>
    </ClCompile>
    <ClCompile Include="..\Private\Loading.cpp">
      <Filter>02.GameObject\Loading</Filter>
    </ClCompile>
    <ClCompile Include="..\Private\LoadingSymbol.cpp">
      <Filter>02.GameObject\Loading</Filter>
    </ClCompile>
    <ClCompile Include="..\Private\PartUI.cpp">
      <Filter>02.GameObject\Object\Monster\Npc_Kid\Part</Filter>
    </ClCompile>
  </ItemGroup>
  <ItemGroup>
    <ClInclude Include="Client.h">
      <Filter>98.Default</Filter>
    </ClInclude>
    <ClInclude Include="framework.h">
      <Filter>98.Default</Filter>
    </ClInclude>
    <ClInclude Include="Resource.h">
      <Filter>98.Default</Filter>
    </ClInclude>
    <ClInclude Include="targetver.h">
      <Filter>98.Default</Filter>
    </ClInclude>
    <ClInclude Include="..\Public\MainApp.h">
      <Filter>00.MainApp</Filter>
    </ClInclude>
    <ClInclude Include="..\Public\Client_Defines.h">
      <Filter>99.Client_Defines</Filter>
    </ClInclude>
    <ClInclude Include="pch.h">
      <Filter>98.Default</Filter>
    </ClInclude>
    <ClInclude Include="..\Public\Level_Logo.h">
      <Filter>01.Levels\00.Logo</Filter>
    </ClInclude>
    <ClInclude Include="..\Public\Level_GamePlay.h">
      <Filter>01.Levels\01.GamePlay</Filter>
    </ClInclude>
    <ClInclude Include="..\Public\Level_Loading.h">
      <Filter>01.Levels\99.Loading</Filter>
    </ClInclude>
    <ClInclude Include="..\Public\Loader.h">
      <Filter>01.Levels\99.Loading\Loader</Filter>
    </ClInclude>
    <ClInclude Include="..\Public\BackGround.h">
      <Filter>02.GameObject\BackGround</Filter>
    </ClInclude>
    <ClInclude Include="..\Public\Imgui_Manager.h">
      <Filter>999. Imgui\Manager</Filter>
    </ClInclude>
    <ClInclude Include="..\Public\Terrain.h">
      <Filter>02.GameObject\Terrain</Filter>
    </ClInclude>
    <ClInclude Include="..\Public\ToolCamera.h">
      <Filter>02.GameObject\Camera</Filter>
    </ClInclude>
    <ClInclude Include="..\..\Imgui\imconfig.h">
      <Filter>999. Imgui\gui</Filter>
    </ClInclude>
    <ClInclude Include="..\..\Imgui\imgui.h">
      <Filter>999. Imgui\gui</Filter>
    </ClInclude>
    <ClInclude Include="..\..\Imgui\imgui_impl_dx11.h">
      <Filter>999. Imgui\gui</Filter>
    </ClInclude>
    <ClInclude Include="..\..\Imgui\imgui_impl_win32.h">
      <Filter>999. Imgui\gui</Filter>
    </ClInclude>
    <ClInclude Include="..\..\Imgui\imgui_internal.h">
      <Filter>999. Imgui\gui</Filter>
    </ClInclude>
    <ClInclude Include="..\..\Imgui\imstb_rectpack.h">
      <Filter>999. Imgui\gui</Filter>
    </ClInclude>
    <ClInclude Include="..\..\Imgui\imstb_textedit.h">
      <Filter>999. Imgui\gui</Filter>
    </ClInclude>
    <ClInclude Include="..\..\Imgui\imstb_truetype.h">
      <Filter>999. Imgui\gui</Filter>
    </ClInclude>
    <ClInclude Include="..\Public\Level_Edit.h">
      <Filter>01.Levels\09.Edit</Filter>
    </ClInclude>
    <ClInclude Include="..\Public\ChurchGrillesFloor.h">
      <Filter>02.GameObject\Object\Porps\Deco\ChurchGrillesFloor</Filter>
    </ClInclude>
    <ClInclude Include="..\..\Imgui\imgui_spectrum.h">
      <Filter>999. Imgui\gui</Filter>
    </ClInclude>
    <ClInclude Include="..\Public\Edit_Terrain.h">
      <Filter>02.GameObject\Terrain\Edit</Filter>
    </ClInclude>
    <ClInclude Include="..\Public\Player.h">
      <Filter>02.GameObject\Object\Player</Filter>
    </ClInclude>
    <ClInclude Include="..\Public\Level_1.h">
      <Filter>01.Levels\01.GamePlay\Level_1</Filter>
    </ClInclude>
    <ClInclude Include="..\Public\Weapon_Player_Saber.h">
      <Filter>02.GameObject\Object\Player\Part\Weapon_Player</Filter>
    </ClInclude>
    <ClInclude Include="..\Public\Weapon_Player_Dagger.h">
      <Filter>02.GameObject\Object\Player\Part\Weapon_Player</Filter>
    </ClInclude>
    <ClInclude Include="..\Public\Boss_Urd.h">
      <Filter>02.GameObject\Object\Boss\Boss_Urd</Filter>
    </ClInclude>
    <ClInclude Include="..\Public\Body_Boss_Urd.h">
      <Filter>02.GameObject\Object\Boss\Boss_Urd\Part\Body_Boss_Urd</Filter>
    </ClInclude>
    <ClInclude Include="..\Public\Weapon_Boss_Urd.h">
      <Filter>02.GameObject\Object\Boss\Boss_Urd\Part\Weapon_Boss_Urd</Filter>
    </ClInclude>
    <ClInclude Include="..\Public\Church.h">
      <Filter>02.GameObject\Object\Porps\Land\Church</Filter>
    </ClInclude>
    <ClInclude Include="..\Public\State_Walk.h">
      <Filter>02.GameObject\Object\Player\State</Filter>
    </ClInclude>
    <ClInclude Include="..\Public\State_Idle.h">
      <Filter>02.GameObject\Object\Player\State</Filter>
    </ClInclude>
    <ClInclude Include="..\Public\PlayerCamera.h">
      <Filter>02.GameObject\Camera</Filter>
    </ClInclude>
    <ClInclude Include="..\Public\State_Avoid.h">
      <Filter>02.GameObject\Object\Player\State</Filter>
    </ClInclude>
    <ClInclude Include="..\Public\State_Attack.h">
      <Filter>02.GameObject\Object\Player\State</Filter>
    </ClInclude>
    <ClInclude Include="..\Public\State_Parry.h">
      <Filter>02.GameObject\Object\Player\State</Filter>
    </ClInclude>
    <ClInclude Include="..\Public\SkyDome.h">
      <Filter>02.GameObject\Object\SkyDome</Filter>
    </ClInclude>
    <ClInclude Include="..\Public\State_Lockon_Idle.h">
      <Filter>02.GameObject\Object\Player\State</Filter>
    </ClInclude>
    <ClInclude Include="..\Public\State_Lockon_Walk.h">
      <Filter>02.GameObject\Object\Player\State</Filter>
    </ClInclude>
    <ClInclude Include="..\Public\State_Lockon_Avoid.h">
      <Filter>02.GameObject\Object\Player\State</Filter>
    </ClInclude>
    <ClInclude Include="..\Public\State_Lockon_Parry.h">
      <Filter>02.GameObject\Object\Player\State</Filter>
    </ClInclude>
    <ClInclude Include="..\Public\State_Lockon_Attack.h">
      <Filter>02.GameObject\Object\Player\State</Filter>
    </ClInclude>
    <ClInclude Include="..\Public\State_Idle_Urd.h">
      <Filter>02.GameObject\Object\Boss\Boss_Urd\State</Filter>
    </ClInclude>
    <ClInclude Include="..\Public\State_Hit_Urd.h">
      <Filter>02.GameObject\Object\Boss\Boss_Urd\State</Filter>
    </ClInclude>
    <ClInclude Include="..\Public\HitBox_Boss_Urd.h">
      <Filter>02.GameObject\Object\Boss\Boss_Urd\Part\HitBox_Boss_Urd</Filter>
    </ClInclude>
    <ClInclude Include="..\Public\State_Avoid_Urd.h">
      <Filter>02.GameObject\Object\Boss\Boss_Urd\State</Filter>
    </ClInclude>
    <ClInclude Include="..\Public\Body_Player.h">
      <Filter>02.GameObject\Object\Player\Part\Body_Player</Filter>
    </ClInclude>
    <ClInclude Include="..\Public\HitBox_Player.h">
      <Filter>02.GameObject\Object\Player\Part\HitBox_Player</Filter>
    </ClInclude>
    <ClInclude Include="..\Public\State_Attack_Urd.h">
      <Filter>02.GameObject\Object\Boss\Boss_Urd\State</Filter>
    </ClInclude>
    <ClInclude Include="..\Public\State_Hit.h">
      <Filter>02.GameObject\Object\Player\State</Filter>
    </ClInclude>
    <ClInclude Include="..\Public\ChurchWindowGriles.h">
      <Filter>02.GameObject\Object\Porps\Deco\ChurchWindowGriles</Filter>
    </ClInclude>
    <ClInclude Include="..\PUblic\BossRoom.h">
      <Filter>02.GameObject\Object\Porps\Land\BossRoom</Filter>
    </ClInclude>
    <ClInclude Include="..\Public\ChurchSideDoor.h">
      <Filter>02.GameObject\Object\Porps\Deco\ChurchSideDoor</Filter>
    </ClInclude>
    <ClInclude Include="..\Public\ChurchLeftDoor.h">
      <Filter>02.GameObject\Object\Porps\Deco\ChurchLeftDoor</Filter>
    </ClInclude>
    <ClInclude Include="..\Public\ChurchRightDoor.h">
      <Filter>02.GameObject\Object\Porps\Deco\ChurchRightDoor</Filter>
    </ClInclude>
    <ClInclude Include="..\Public\Stair.h">
      <Filter>02.GameObject\Object\Porps\Land\Stair</Filter>
    </ClInclude>
    <ClInclude Include="..\Public\Enemy_Halberd.h">
      <Filter>02.GameObject\Object\Monster\Enemy_Halberd</Filter>
    </ClInclude>
    <ClInclude Include="..\Public\Enemy_GreatSword.h">
      <Filter>02.GameObject\Object\Monster\Enemy_GreatSword</Filter>
    </ClInclude>
    <ClInclude Include="..\Public\Body_GreatSword.h">
      <Filter>02.GameObject\Object\Monster\Enemy_GreatSword\Part\Body</Filter>
    </ClInclude>
    <ClInclude Include="..\Public\HitBox_GreatSword.h">
      <Filter>02.GameObject\Object\Monster\Enemy_GreatSword\Part\HitBox</Filter>
    </ClInclude>
    <ClInclude Include="..\Public\Weapon_GreatSword.h">
      <Filter>02.GameObject\Object\Monster\Enemy_GreatSword\Part\Weapon</Filter>
    </ClInclude>
    <ClInclude Include="..\Public\State_Idle_GreatSword.h">
      <Filter>02.GameObject\Object\Monster\Enemy_GreatSword\State</Filter>
    </ClInclude>
    <ClInclude Include="..\Public\Body_Halberd.h">
      <Filter>02.GameObject\Object\Monster\Enemy_Halberd\Part\Body</Filter>
    </ClInclude>
    <ClInclude Include="..\Public\HitBox_Halberd.h">
      <Filter>02.GameObject\Object\Monster\Enemy_Halberd\Part\HitBox</Filter>
    </ClInclude>
    <ClInclude Include="..\Public\Weapon_Halberd.h">
      <Filter>02.GameObject\Object\Monster\Enemy_Halberd\Part\Weapon</Filter>
    </ClInclude>
    <ClInclude Include="..\Public\State_Idle_Halberd.h">
      <Filter>02.GameObject\Object\Monster\Enemy_Halberd\State</Filter>
    </ClInclude>
    <ClInclude Include="..\Public\State_Walk_GreatSword.h">
      <Filter>02.GameObject\Object\Monster\Enemy_GreatSword\State</Filter>
    </ClInclude>
    <ClInclude Include="..\Public\State_Hit_Great_Sword.h">
      <Filter>02.GameObject\Object\Monster\Enemy_GreatSword\State</Filter>
    </ClInclude>
    <ClInclude Include="..\Public\State_Attack_GreatSword.h">
      <Filter>02.GameObject\Object\Monster\Enemy_GreatSword\State</Filter>
    </ClInclude>
    <ClInclude Include="..\Public\State_Avoid_GreatSword.h">
      <Filter>02.GameObject\Object\Monster\Enemy_GreatSword\State</Filter>
    </ClInclude>
    <ClInclude Include="..\Public\State_Dead_GreatSword.h">
      <Filter>02.GameObject\Object\Monster\Enemy_GreatSword\State</Filter>
    </ClInclude>
    <ClInclude Include="..\Public\State_Parry_GreatSword.h">
      <Filter>02.GameObject\Object\Monster\Enemy_GreatSword\State</Filter>
    </ClInclude>
    <ClInclude Include="..\Public\State_Lockon_ParrySuccess.h">
      <Filter>02.GameObject\Object\Player\State</Filter>
    </ClInclude>
    <ClInclude Include="..\Public\State_ParrySuccess.h">
      <Filter>02.GameObject\Object\Player\State</Filter>
    </ClInclude>
    <ClInclude Include="..\Public\State_Walk_Halberd.h">
      <Filter>02.GameObject\Object\Monster\Enemy_Halberd\State</Filter>
    </ClInclude>
    <ClInclude Include="..\Public\State_Attack_Halberd.h">
      <Filter>02.GameObject\Object\Monster\Enemy_Halberd\State</Filter>
    </ClInclude>
    <ClInclude Include="..\Public\State_Hit_Halberd.h">
      <Filter>02.GameObject\Object\Monster\Enemy_Halberd\State</Filter>
    </ClInclude>
    <ClInclude Include="..\Public\State_Parry_Halberd.h">
      <Filter>02.GameObject\Object\Monster\Enemy_Halberd\State</Filter>
    </ClInclude>
    <ClInclude Include="..\Public\State_Dead_Halberd.h">
      <Filter>02.GameObject\Object\Monster\Enemy_Halberd\State</Filter>
    </ClInclude>
    <ClInclude Include="..\Public\State_Avoid_Halberd.h">
      <Filter>02.GameObject\Object\Monster\Enemy_Halberd\State</Filter>
    </ClInclude>
    <ClInclude Include="..\Public\State_Run_Halberd.h">
      <Filter>02.GameObject\Object\Monster\Enemy_Halberd\State</Filter>
    </ClInclude>
    <ClInclude Include="..\Public\Sub_Building.h">
      <Filter>02.GameObject\Object\Porps\Land\Sub_Building</Filter>
    </ClInclude>
    <ClInclude Include="..\Public\Enemy_Shield.h">
      <Filter>02.GameObject\Object\Monster\Enemy_Shield</Filter>
    </ClInclude>
    <ClInclude Include="..\Public\Enemy_TwinSword.h">
      <Filter>02.GameObject\Object\Monster\Enemy_TwinSword</Filter>
    </ClInclude>
    <ClInclude Include="..\Public\Body_Shield.h">
      <Filter>02.GameObject\Object\Monster\Enemy_Shield\Part\Body</Filter>
    </ClInclude>
    <ClInclude Include="..\Public\HitBox_Shield.h">
      <Filter>02.GameObject\Object\Monster\Enemy_Shield\Part\HitBox</Filter>
    </ClInclude>
    <ClInclude Include="..\Public\Weapon_Shield.h">
      <Filter>02.GameObject\Object\Monster\Enemy_Shield\Part\Weapon</Filter>
    </ClInclude>
    <ClInclude Include="..\Public\Body_TwinSword.h">
      <Filter>02.GameObject\Object\Monster\Enemy_TwinSword\Part\Body</Filter>
    </ClInclude>
    <ClInclude Include="..\Public\HitBox_TwinSword.h">
      <Filter>02.GameObject\Object\Monster\Enemy_TwinSword\Part\HitBox</Filter>
    </ClInclude>
    <ClInclude Include="..\Public\Weapon_TwinSword.h">
      <Filter>02.GameObject\Object\Monster\Enemy_TwinSword\Part\Weapon</Filter>
    </ClInclude>
    <ClInclude Include="..\Public\Weapon_Sword.h">
      <Filter>02.GameObject\Object\Monster\Enemy_Shield\Part\Weapon</Filter>
    </ClInclude>
    <ClInclude Include="..\Public\Weapon_TwinSword2.h">
      <Filter>02.GameObject\Object\Monster\Enemy_TwinSword\Part\Weapon</Filter>
    </ClInclude>
    <ClInclude Include="..\Public\State_Attack_Shield.h">
      <Filter>02.GameObject\Object\Monster\Enemy_Shield\State</Filter>
    </ClInclude>
    <ClInclude Include="..\Public\State_Run_Shield.h">
      <Filter>02.GameObject\Object\Monster\Enemy_Shield\State</Filter>
    </ClInclude>
    <ClInclude Include="..\Public\State_Parry_Shield.h">
      <Filter>02.GameObject\Object\Monster\Enemy_Shield\State</Filter>
    </ClInclude>
    <ClInclude Include="..\Public\State_Idle_Shield.h">
      <Filter>02.GameObject\Object\Monster\Enemy_Shield\State</Filter>
    </ClInclude>
    <ClInclude Include="..\Public\State_Avoid_Shield.h">
      <Filter>02.GameObject\Object\Monster\Enemy_Shield\State</Filter>
    </ClInclude>
    <ClInclude Include="..\Public\State_Dead_Shield.h">
      <Filter>02.GameObject\Object\Monster\Enemy_Shield\State</Filter>
    </ClInclude>
    <ClInclude Include="..\Public\State_Hit_Shield.h">
      <Filter>02.GameObject\Object\Monster\Enemy_Shield\State</Filter>
    </ClInclude>
    <ClInclude Include="..\Public\State_Walk_Shield.h">
      <Filter>02.GameObject\Object\Monster\Enemy_Shield\State</Filter>
    </ClInclude>
    <ClInclude Include="..\Public\State_Attack_TwinSword.h">
      <Filter>02.GameObject\Object\Monster\Enemy_TwinSword\State</Filter>
    </ClInclude>
    <ClInclude Include="..\Public\State_Run_TwinSword.h">
      <Filter>02.GameObject\Object\Monster\Enemy_TwinSword\State</Filter>
    </ClInclude>
    <ClInclude Include="..\Public\State_Parry_TwinSword.h">
      <Filter>02.GameObject\Object\Monster\Enemy_TwinSword\State</Filter>
    </ClInclude>
    <ClInclude Include="..\Public\State_Idle_TwinSword.h">
      <Filter>02.GameObject\Object\Monster\Enemy_TwinSword\State</Filter>
    </ClInclude>
    <ClInclude Include="..\Public\State_Avoid_TwinSword.h">
      <Filter>02.GameObject\Object\Monster\Enemy_TwinSword\State</Filter>
    </ClInclude>
    <ClInclude Include="..\Public\State_Dead_TwinSword.h">
      <Filter>02.GameObject\Object\Monster\Enemy_TwinSword\State</Filter>
    </ClInclude>
    <ClInclude Include="..\Public\State_Hit_TwinSword.h">
      <Filter>02.GameObject\Object\Monster\Enemy_TwinSword\State</Filter>
    </ClInclude>
    <ClInclude Include="..\Public\State_Walk_TwinSword.h">
      <Filter>02.GameObject\Object\Monster\Enemy_TwinSword\State</Filter>
    </ClInclude>
    <ClInclude Include="..\Public\Sub_Door.h">
      <Filter>02.GameObject\Object\Porps\Deco\Sub_Door</Filter>
    </ClInclude>
    <ClInclude Include="..\Public\Throw_Weapon_Urd.h">
      <Filter>02.GameObject\Object\Boss\Boss_Urd\Part\Weapon_Boss_Urd</Filter>
    </ClInclude>
    <ClInclude Include="..\Public\Seq_Camera_Urd.h">
      <Filter>02.GameObject\Object\Boss\Boss_Urd\Part\Seq_Camera_Urd</Filter>
    </ClInclude>
    <ClInclude Include="..\Public\State_Seq_Urd.h">
      <Filter>02.GameObject\Object\Boss\Boss_Urd\State</Filter>
    </ClInclude>
    <ClInclude Include="..\Public\State_Parry_Urd.h">
      <Filter>02.GameObject\Object\Boss\Boss_Urd\State</Filter>
    </ClInclude>
    <ClInclude Include="..\Public\State_Run_Urd.h">
      <Filter>02.GameObject\Object\Boss\Boss_Urd\State</Filter>
    </ClInclude>
    <ClInclude Include="..\Public\State_Walk_Urd.h">
      <Filter>02.GameObject\Object\Boss\Boss_Urd\State</Filter>
    </ClInclude>
    <ClInclude Include="..\Public\State_Stun_Urd.h">
      <Filter>02.GameObject\Object\Boss\Boss_Urd\State</Filter>
    </ClInclude>
    <ClInclude Include="..\Public\State_Dead_Urd.h">
      <Filter>02.GameObject\Object\Boss\Boss_Urd\State</Filter>
    </ClInclude>
    <ClInclude Include="..\Public\State_Excute.h">
      <Filter>02.GameObject\Object\Player\State</Filter>
    </ClInclude>
    <ClInclude Include="..\Public\Seq_Camera_Player.h">
      <Filter>02.GameObject\Object\Player\Part\Camera_Player</Filter>
    </ClInclude>
    <ClInclude Include="WeaponGara_Boss_Urd.h">
      <Filter>02.GameObject\Object\Boss\Boss_Urd\Part\Weapon_Boss_Urd</Filter>
    </ClInclude>
    <ClInclude Include="..\Public\State_Skill_Urd.h">
      <Filter>02.GameObject\Object\Boss\Boss_Urd\State</Filter>
    </ClInclude>
    <ClInclude Include="..\Public\Left_BossDoor.h">
      <Filter>02.GameObject\Object\Porps\Deco\Left_BossDoor</Filter>
    </ClInclude>
    <ClInclude Include="..\Public\Right_BossDoor.h">
      <Filter>02.GameObject\Object\Porps\Deco\Right_BossDoor</Filter>
    </ClInclude>
    <ClInclude Include="..\Public\Right_Shaft.h">
      <Filter>02.GameObject\Object\Porps\Deco\Right_Shaft</Filter>
    </ClInclude>
    <ClInclude Include="..\Public\Left_Shaft.h">
      <Filter>02.GameObject\Object\Porps\Deco\Left_Shaft</Filter>
    </ClInclude>
    <ClInclude Include="..\Public\DeadTree.h">
      <Filter>02.GameObject\Object\Porps\Deco\DeadTree</Filter>
    </ClInclude>
    <ClInclude Include="..\Public\Wall.h">
      <Filter>02.GameObject\Object\Porps\Deco\Wall</Filter>
    </ClInclude>
    <ClInclude Include="..\Public\WindowWall.h">
      <Filter>02.GameObject\Object\Porps\Deco\WindowWall</Filter>
    </ClInclude>
    <ClInclude Include="..\Public\WindowWall2.h">
      <Filter>02.GameObject\Object\Porps\Deco\WindowWall2</Filter>
    </ClInclude>
    <ClInclude Include="..\Public\Npc_Kid.h">
      <Filter>02.GameObject\Object\Monster\Npc_Kid</Filter>
    </ClInclude>
    <ClInclude Include="..\Public\Body_Npc_Kid.h">
      <Filter>02.GameObject\Object\Monster\Npc_Kid\Part\Body</Filter>
    </ClInclude>
    <ClInclude Include="..\Public\State_Idle_Kid.h">
      <Filter>02.GameObject\Object\Monster\Npc_Kid\State</Filter>
    </ClInclude>
    <ClInclude Include="..\Public\EffectManager.h">
      <Filter>02.GameObject\Object\Effect</Filter>
    </ClInclude>
    <ClInclude Include="..\Public\ParrySpark.h">
      <Filter>02.GameObject\Object\Effect\ParrySpark</Filter>
    </ClInclude>
    <ClInclude Include="..\Public\Loading.h">
      <Filter>02.GameObject\Loading</Filter>
    </ClInclude>
    <ClInclude Include="..\Public\LoadingSymbol.h">
      <Filter>02.GameObject\Loading</Filter>
    </ClInclude>
    <ClInclude Include="..\Public\PartUI.h">
      <Filter>02.GameObject\Object\Monster\Npc_Kid\Part</Filter>
    </ClInclude>
  </ItemGroup>
  <ItemGroup>
    <Image Include="Client.ico">
      <Filter>98.Default</Filter>
    </Image>
    <Image Include="small.ico">
      <Filter>98.Default</Filter>
    </Image>
  </ItemGroup>
  <ItemGroup>
    <ResourceCompile Include="Client.rc">
      <Filter>98.Default</Filter>
    </ResourceCompile>
  </ItemGroup>
  <ItemGroup>
    <FxCompile Include="..\Bin\ShaderFiles\Shader_VtxPosTex.hlsl">
      <Filter>97.Shader</Filter>
    </FxCompile>
    <FxCompile Include="..\Bin\ShaderFiles\Shader_VtxPosNorTex.hlsl">
      <Filter>97.Shader</Filter>
    </FxCompile>
    <FxCompile Include="..\Bin\ShaderFiles\Shader_VtxMesh.hlsl">
      <Filter>97.Shader</Filter>
    </FxCompile>
    <FxCompile Include="..\Bin\ShaderFiles\Shader_VtxAnimMesh.hlsl">
      <Filter>97.Shader</Filter>
    </FxCompile>
    <FxCompile Include="..\Bin\ShaderFiles\Shader_Point_Instance.hlsl">
      <Filter>97.Shader</Filter>
    </FxCompile>
    <FxCompile Include="..\Bin\ShaderFiles\Shader_Rect_Instance.hlsl">
      <Filter>97.Shader</Filter>
    </FxCompile>
  </ItemGroup>
</Project>